// !$*UTF8*$!
{
	archiveVersion = 1;
	classes = {
	};
	objectVersion = 56;
	objects = {

/* Begin PBXBuildFile section */
		7E10D9262CF997BB00B11046 /* gramejia.xcdatamodeld in Sources */ = {isa = PBXBuildFile; fileRef = 7E10D9242CF997BB00B11046 /* gramejia.xcdatamodeld */; };
		7E10D9282CF9990500B11046 /* CoreDataManager.swift in Sources */ = {isa = PBXBuildFile; fileRef = 7E10D9272CF9990500B11046 /* CoreDataManager.swift */; };
		7E10D92B2CF9996E00B11046 /* Error+Ext.swift in Sources */ = {isa = PBXBuildFile; fileRef = 7E10D92A2CF9996E00B11046 /* Error+Ext.swift */; };
		7E10D9302CFB638200B11046 /* BookRepository.swift in Sources */ = {isa = PBXBuildFile; fileRef = 7E10D92F2CFB638200B11046 /* BookRepository.swift */; };
		7E10D9332CFB64D400B11046 /* BookModel.swift in Sources */ = {isa = PBXBuildFile; fileRef = 7E10D9322CFB64D400B11046 /* BookModel.swift */; };
		7E10D9362CFB693400B11046 /* BookMapper.swift in Sources */ = {isa = PBXBuildFile; fileRef = 7E10D9352CFB693400B11046 /* BookMapper.swift */; };
		7E10D9392CFB76FD00B11046 /* Injection.swift in Sources */ = {isa = PBXBuildFile; fileRef = 7E10D9382CFB76FD00B11046 /* Injection.swift */; };
		7E10D93E2CFB782300B11046 /* AddBookViewController.swift in Sources */ = {isa = PBXBuildFile; fileRef = 7E10D93D2CFB782300B11046 /* AddBookViewController.swift */; };
		7E10D9402CFB783300B11046 /* AddBookViewModel.swift in Sources */ = {isa = PBXBuildFile; fileRef = 7E10D93F2CFB783300B11046 /* AddBookViewModel.swift */; };
		7E10D9422CFB787600B11046 /* AddBookUseCase.swift in Sources */ = {isa = PBXBuildFile; fileRef = 7E10D9412CFB787600B11046 /* AddBookUseCase.swift */; };
		7E10D94E2CFC419800B11046 /* LoginViewController.swift in Sources */ = {isa = PBXBuildFile; fileRef = 7E10D94D2CFC419800B11046 /* LoginViewController.swift */; };
		7E10D9502CFC41A100B11046 /* LoginViewModel.swift in Sources */ = {isa = PBXBuildFile; fileRef = 7E10D94F2CFC41A100B11046 /* LoginViewModel.swift */; };
		7E10D9522CFC41AA00B11046 /* LoginUseCase.swift in Sources */ = {isa = PBXBuildFile; fileRef = 7E10D9512CFC41AA00B11046 /* LoginUseCase.swift */; };
		7E10D9672CFC4F8000B11046 /* Nunito-BoldItalic.ttf in Resources */ = {isa = PBXBuildFile; fileRef = 7E10D9572CFC4F7F00B11046 /* Nunito-BoldItalic.ttf */; };
		7E10D9682CFC4F8000B11046 /* Nunito-ExtraLightItalic.ttf in Resources */ = {isa = PBXBuildFile; fileRef = 7E10D9582CFC4F7F00B11046 /* Nunito-ExtraLightItalic.ttf */; };
		7E10D9692CFC4F8000B11046 /* Nunito-Light.ttf in Resources */ = {isa = PBXBuildFile; fileRef = 7E10D9592CFC4F7F00B11046 /* Nunito-Light.ttf */; };
		7E10D96A2CFC4F8000B11046 /* Nunito-LightItalic.ttf in Resources */ = {isa = PBXBuildFile; fileRef = 7E10D95A2CFC4F7F00B11046 /* Nunito-LightItalic.ttf */; };
		7E10D96B2CFC4F8000B11046 /* Nunito-Bold.ttf in Resources */ = {isa = PBXBuildFile; fileRef = 7E10D95B2CFC4F7F00B11046 /* Nunito-Bold.ttf */; };
		7E10D96C2CFC4F8000B11046 /* Nunito-SemiBold.ttf in Resources */ = {isa = PBXBuildFile; fileRef = 7E10D95C2CFC4F7F00B11046 /* Nunito-SemiBold.ttf */; };
		7E10D96D2CFC4F8000B11046 /* Nunito-Italic.ttf in Resources */ = {isa = PBXBuildFile; fileRef = 7E10D95D2CFC4F7F00B11046 /* Nunito-Italic.ttf */; };
		7E10D96E2CFC4F8000B11046 /* Nunito-BlackItalic.ttf in Resources */ = {isa = PBXBuildFile; fileRef = 7E10D95E2CFC4F7F00B11046 /* Nunito-BlackItalic.ttf */; };
		7E10D96F2CFC4F8000B11046 /* Nunito-MediumItalic.ttf in Resources */ = {isa = PBXBuildFile; fileRef = 7E10D95F2CFC4F7F00B11046 /* Nunito-MediumItalic.ttf */; };
		7E10D9702CFC4F8000B11046 /* Nunito-ExtraBoldItalic.ttf in Resources */ = {isa = PBXBuildFile; fileRef = 7E10D9602CFC4F8000B11046 /* Nunito-ExtraBoldItalic.ttf */; };
		7E10D9712CFC4F8000B11046 /* Nunito-SemiBoldItalic.ttf in Resources */ = {isa = PBXBuildFile; fileRef = 7E10D9612CFC4F8000B11046 /* Nunito-SemiBoldItalic.ttf */; };
		7E10D9722CFC4F8000B11046 /* Nunito-ExtraBold.ttf in Resources */ = {isa = PBXBuildFile; fileRef = 7E10D9622CFC4F8000B11046 /* Nunito-ExtraBold.ttf */; };
		7E10D9732CFC4F8000B11046 /* Nunito-Black.ttf in Resources */ = {isa = PBXBuildFile; fileRef = 7E10D9632CFC4F8000B11046 /* Nunito-Black.ttf */; };
		7E10D9742CFC4F8000B11046 /* Nunito-Medium.ttf in Resources */ = {isa = PBXBuildFile; fileRef = 7E10D9642CFC4F8000B11046 /* Nunito-Medium.ttf */; };
		7E10D9752CFC4F8000B11046 /* Nunito-Regular.ttf in Resources */ = {isa = PBXBuildFile; fileRef = 7E10D9652CFC4F8000B11046 /* Nunito-Regular.ttf */; };
		7E10D9762CFC4F8000B11046 /* Nunito-ExtraLight.ttf in Resources */ = {isa = PBXBuildFile; fileRef = 7E10D9662CFC4F8000B11046 /* Nunito-ExtraLight.ttf */; };
		7E10D9792CFC51F200B11046 /* UIFont+Ext.swift in Sources */ = {isa = PBXBuildFile; fileRef = 7E10D9782CFC51F200B11046 /* UIFont+Ext.swift */; };
		7E10D97C2CFC53EE00B11046 /* CustomFontUtil.swift in Sources */ = {isa = PBXBuildFile; fileRef = 7E10D97B2CFC53EE00B11046 /* CustomFontUtil.swift */; };
		7E23D8952CF9963500710336 /* AppDelegate.swift in Sources */ = {isa = PBXBuildFile; fileRef = 7E23D8942CF9963500710336 /* AppDelegate.swift */; };
		7E23D8972CF9963500710336 /* SceneDelegate.swift in Sources */ = {isa = PBXBuildFile; fileRef = 7E23D8962CF9963500710336 /* SceneDelegate.swift */; };
		7E23D89C2CF9963500710336 /* Base in Resources */ = {isa = PBXBuildFile; fileRef = 7E23D89B2CF9963500710336 /* Base */; };
		7E23D89E2CF9963600710336 /* Assets.xcassets in Resources */ = {isa = PBXBuildFile; fileRef = 7E23D89D2CF9963600710336 /* Assets.xcassets */; };
		7E23D8A12CF9963600710336 /* Base in Resources */ = {isa = PBXBuildFile; fileRef = 7E23D8A02CF9963600710336 /* Base */; };
		7E30C35F2D047077008581A3 /* ImageFieldView.swift in Sources */ = {isa = PBXBuildFile; fileRef = 7E30C35E2D047077008581A3 /* ImageFieldView.swift */; };
		7E30C3632D0470AD008581A3 /* ImageFieldView.xib in Resources */ = {isa = PBXBuildFile; fileRef = 7E30C3622D0470AD008581A3 /* ImageFieldView.xib */; };
		7E30C3692D048304008581A3 /* add-image.json in Resources */ = {isa = PBXBuildFile; fileRef = 7E30C3682D048304008581A3 /* add-image.json */; };
		7E30C36F2D05631E008581A3 /* Date+Ext.swift in Sources */ = {isa = PBXBuildFile; fileRef = 7E30C36E2D05631E008581A3 /* Date+Ext.swift */; };
		7E30C3712D056326008581A3 /* String+Ext.swift in Sources */ = {isa = PBXBuildFile; fileRef = 7E30C3702D056326008581A3 /* String+Ext.swift */; };
		7E30C3732D056991008581A3 /* UIImage+Ext.swift in Sources */ = {isa = PBXBuildFile; fileRef = 7E30C3722D056991008581A3 /* UIImage+Ext.swift */; };
		7E30C3752D057217008581A3 /* HomeViewModel.swift in Sources */ = {isa = PBXBuildFile; fileRef = 7E30C3742D057217008581A3 /* HomeViewModel.swift */; };
		7E30C3772D057221008581A3 /* HomeUseCase.swift in Sources */ = {isa = PBXBuildFile; fileRef = 7E30C3762D057221008581A3 /* HomeUseCase.swift */; };
		7E30C37B2D057D4E008581A3 /* BookTableViewCell.swift in Sources */ = {isa = PBXBuildFile; fileRef = 7E30C3792D057D4E008581A3 /* BookTableViewCell.swift */; };
		7E30C37C2D057D4E008581A3 /* BookTableViewCell.xib in Resources */ = {isa = PBXBuildFile; fileRef = 7E30C37A2D057D4E008581A3 /* BookTableViewCell.xib */; };
		7E30C37F2D058797008581A3 /* ContentSizedTableView.swift in Sources */ = {isa = PBXBuildFile; fileRef = 7E30C37E2D058797008581A3 /* ContentSizedTableView.swift */; };
		7E363B892D11C7CC007D4837 /* TransactionItemModel.swift in Sources */ = {isa = PBXBuildFile; fileRef = 7E363B882D11C7CC007D4837 /* TransactionItemModel.swift */; };
		7E363B8B2D11F5A4007D4837 /* TransactionModel.swift in Sources */ = {isa = PBXBuildFile; fileRef = 7E363B8A2D11F5A4007D4837 /* TransactionModel.swift */; };
		7E363B8D2D11F658007D4837 /* TransactionMapper.swift in Sources */ = {isa = PBXBuildFile; fileRef = 7E363B8C2D11F658007D4837 /* TransactionMapper.swift */; };
		7E363B8F2D1263D5007D4837 /* TransactionRepository.swift in Sources */ = {isa = PBXBuildFile; fileRef = 7E363B8E2D1263D5007D4837 /* TransactionRepository.swift */; };
		7E3878682D0E05A900789955 /* BookCollectionViewCell.swift in Sources */ = {isa = PBXBuildFile; fileRef = 7E3878662D0E05A900789955 /* BookCollectionViewCell.swift */; };
		7E3878692D0E05A900789955 /* BookCollectionViewCell.xib in Resources */ = {isa = PBXBuildFile; fileRef = 7E3878672D0E05A900789955 /* BookCollectionViewCell.xib */; };
		7E38786C2D0EC2D600789955 /* preload.json in Resources */ = {isa = PBXBuildFile; fileRef = 7E38786B2D0EC2D600789955 /* preload.json */; };
		7E38786E2D0EFE3300789955 /* UserdefaultManager.swift in Sources */ = {isa = PBXBuildFile; fileRef = 7E38786D2D0EFE3300789955 /* UserdefaultManager.swift */; };
		7E3878712D0F191700789955 /* CartViewController.swift in Sources */ = {isa = PBXBuildFile; fileRef = 7E3878702D0F191700789955 /* CartViewController.swift */; };
		7E3878732D0F1F8800789955 /* CartViewModel.swift in Sources */ = {isa = PBXBuildFile; fileRef = 7E3878722D0F1F8800789955 /* CartViewModel.swift */; };
		7E3878752D0F1F9500789955 /* CartUseCase.swift in Sources */ = {isa = PBXBuildFile; fileRef = 7E3878742D0F1F9500789955 /* CartUseCase.swift */; };
		7E3878792D0F246100789955 /* CartTableViewCell.swift in Sources */ = {isa = PBXBuildFile; fileRef = 7E3878772D0F246100789955 /* CartTableViewCell.swift */; };
		7E38787A2D0F246100789955 /* CartTableViewCell.xib in Resources */ = {isa = PBXBuildFile; fileRef = 7E3878782D0F246100789955 /* CartTableViewCell.xib */; };
		7E38787C2D0F4BFD00789955 /* CartMapper.swift in Sources */ = {isa = PBXBuildFile; fileRef = 7E38787B2D0F4BFD00789955 /* CartMapper.swift */; };
		7E38787E2D0F4C4E00789955 /* CartItemModel.swift in Sources */ = {isa = PBXBuildFile; fileRef = 7E38787D2D0F4C4E00789955 /* CartItemModel.swift */; };
		7E3878802D0F4EAA00789955 /* CartRepository.swift in Sources */ = {isa = PBXBuildFile; fileRef = 7E38787F2D0F4EAA00789955 /* CartRepository.swift */; };
		7E4DA5F52CFEE11000C5D7AC /* error.json in Resources */ = {isa = PBXBuildFile; fileRef = 7E4DA5F42CFEE11000C5D7AC /* error.json */; };
		7E4DA5F72CFEE6EA00C5D7AC /* PopupModel.swift in Sources */ = {isa = PBXBuildFile; fileRef = 7E4DA5F62CFEE6EA00C5D7AC /* PopupModel.swift */; };
		7E4DA5F92CFF5D8500C5D7AC /* BaseViewModel.swift in Sources */ = {isa = PBXBuildFile; fileRef = 7E4DA5F82CFF5D8500C5D7AC /* BaseViewModel.swift */; };
		7E4DA5FB2D00217400C5D7AC /* login.json in Resources */ = {isa = PBXBuildFile; fileRef = 7E4DA5FA2D00217400C5D7AC /* login.json */; };
		7E4DA5FD2D00235C00C5D7AC /* register.json in Resources */ = {isa = PBXBuildFile; fileRef = 7E4DA5FC2D00235B00C5D7AC /* register.json */; };
		7E4DA5FF2D00355500C5D7AC /* AdminModel.swift in Sources */ = {isa = PBXBuildFile; fileRef = 7E4DA5FE2D00355500C5D7AC /* AdminModel.swift */; };
		7E4DA6012D0035F200C5D7AC /* AdminMapper.swift in Sources */ = {isa = PBXBuildFile; fileRef = 7E4DA6002D0035F200C5D7AC /* AdminMapper.swift */; };
		7E4DA6042D00ACF700C5D7AC /* HomeViewController.swift in Sources */ = {isa = PBXBuildFile; fileRef = 7E4DA6032D00ACF700C5D7AC /* HomeViewController.swift */; };
		7E4DA6072D00AD3500C5D7AC /* ProfileViewController.swift in Sources */ = {isa = PBXBuildFile; fileRef = 7E4DA6062D00AD3500C5D7AC /* ProfileViewController.swift */; };
		7E66817C2D16EDA40093013B /* empty.json in Resources */ = {isa = PBXBuildFile; fileRef = 7E66817B2D16EDA40093013B /* empty.json */; };
		7E6681812D16EDE00093013B /* EmptyView.swift in Sources */ = {isa = PBXBuildFile; fileRef = 7E6681802D16EDE00093013B /* EmptyView.swift */; };
		7E6681852D16EEF40093013B /* EmptyView.xib in Resources */ = {isa = PBXBuildFile; fileRef = 7E6681842D16EEF40093013B /* EmptyView.xib */; };
		7E6ADAD32D0424E000BE222F /* GeneralTextView.swift in Sources */ = {isa = PBXBuildFile; fileRef = 7E6ADAD22D0424E000BE222F /* GeneralTextView.swift */; };
		7E6ADAD52D0424FC00BE222F /* GeneralTextView.xib in Resources */ = {isa = PBXBuildFile; fileRef = 7E6ADAD42D0424FC00BE222F /* GeneralTextView.xib */; };
		7E6FF4852D0D679E007340FB /* ProductCounterView.xib in Resources */ = {isa = PBXBuildFile; fileRef = 7E6FF4842D0D679E007340FB /* ProductCounterView.xib */; };
		7E6FF4872D0D67AD007340FB /* ProductCounterView.swift in Sources */ = {isa = PBXBuildFile; fileRef = 7E6FF4862D0D67AD007340FB /* ProductCounterView.swift */; };
		7E6FF4892D0DB566007340FB /* DetailBookViewModel.swift in Sources */ = {isa = PBXBuildFile; fileRef = 7E6FF4882D0DB566007340FB /* DetailBookViewModel.swift */; };
		7E6FF48B2D0DB77F007340FB /* Double+Ext.swift in Sources */ = {isa = PBXBuildFile; fileRef = 7E6FF48A2D0DB77F007340FB /* Double+Ext.swift */; };
		7E7900C72D108ED800920E67 /* DetailBookUseCase.swift in Sources */ = {isa = PBXBuildFile; fileRef = 7E7900C62D108ED800920E67 /* DetailBookUseCase.swift */; };
		7E7F8B292CFDF52700B61544 /* BaseViewController.swift in Sources */ = {isa = PBXBuildFile; fileRef = 7E7F8B282CFDF52700B61544 /* BaseViewController.swift */; };
		7E7F8B2C2CFDFF8500B61544 /* LoadingView.swift in Sources */ = {isa = PBXBuildFile; fileRef = 7E7F8B2B2CFDFF8500B61544 /* LoadingView.swift */; };
		7E7F8B2F2CFE006400B61544 /* Lottie in Frameworks */ = {isa = PBXBuildFile; productRef = 7E7F8B2E2CFE006400B61544 /* Lottie */; };
		7E7F8B322CFE018400B61544 /* loading.json in Resources */ = {isa = PBXBuildFile; fileRef = 7E7F8B312CFE018400B61544 /* loading.json */; };
		7E7F8B352CFE046200B61544 /* SnackBarView.swift in Sources */ = {isa = PBXBuildFile; fileRef = 7E7F8B342CFE046200B61544 /* SnackBarView.swift */; };
		7E7F8B392CFE0B0400B61544 /* PopupViewController.swift in Sources */ = {isa = PBXBuildFile; fileRef = 7E7F8B372CFE0B0400B61544 /* PopupViewController.swift */; };
		7E7F8B3A2CFE0B0400B61544 /* PopupViewController.xib in Resources */ = {isa = PBXBuildFile; fileRef = 7E7F8B382CFE0B0400B61544 /* PopupViewController.xib */; };
		7E7F8B3D2CFEADA000B61544 /* PopupTransitionDelegate.swift in Sources */ = {isa = PBXBuildFile; fileRef = 7E7F8B3C2CFEADA000B61544 /* PopupTransitionDelegate.swift */; };
		7E7F8B3F2CFEB55D00B61544 /* PopupViewDelegate.swift in Sources */ = {isa = PBXBuildFile; fileRef = 7E7F8B3E2CFEB55D00B61544 /* PopupViewDelegate.swift */; };
		7E8417482D16741F00072AB7 /* ProfileViewModel.swift in Sources */ = {isa = PBXBuildFile; fileRef = 7E8417472D16741F00072AB7 /* ProfileViewModel.swift */; };
		7E84174A2D16742C00072AB7 /* ProfileUseCase.swift in Sources */ = {isa = PBXBuildFile; fileRef = 7E8417492D16742C00072AB7 /* ProfileUseCase.swift */; };
		7E84174C2D169E2D00072AB7 /* UserProfileModel.swift in Sources */ = {isa = PBXBuildFile; fileRef = 7E84174B2D169E2D00072AB7 /* UserProfileModel.swift */; };
		7E8417512D16A7CC00072AB7 /* TopupViewController.swift in Sources */ = {isa = PBXBuildFile; fileRef = 7E8417502D16A7CC00072AB7 /* TopupViewController.swift */; };
		7E8417532D16A7DC00072AB7 /* TopupViewModel.swift in Sources */ = {isa = PBXBuildFile; fileRef = 7E8417522D16A7DC00072AB7 /* TopupViewModel.swift */; };
		7E8417552D16A7E400072AB7 /* TopupUseCase.swift in Sources */ = {isa = PBXBuildFile; fileRef = 7E8417542D16A7E400072AB7 /* TopupUseCase.swift */; };
		7E8417592D16B37B00072AB7 /* DenomCollectionViewCell.swift in Sources */ = {isa = PBXBuildFile; fileRef = 7E8417572D16B37B00072AB7 /* DenomCollectionViewCell.swift */; };
		7E84175A2D16B37B00072AB7 /* DenomCollectionViewCell.xib in Resources */ = {isa = PBXBuildFile; fileRef = 7E8417582D16B37B00072AB7 /* DenomCollectionViewCell.xib */; };
		7E8652FC2CFDCF4500EBF68B /* RegisterUseCase.swift in Sources */ = {isa = PBXBuildFile; fileRef = 7E8652FB2CFDCF4500EBF68B /* RegisterUseCase.swift */; };
		7E9778562D13F4E000030EC3 /* TransactionTableViewCell.swift in Sources */ = {isa = PBXBuildFile; fileRef = 7E9778542D13F4E000030EC3 /* TransactionTableViewCell.swift */; };
		7E9778572D13F4E000030EC3 /* TransactionTableViewCell.xib in Resources */ = {isa = PBXBuildFile; fileRef = 7E9778552D13F4E000030EC3 /* TransactionTableViewCell.xib */; };
		7EACAC1D2CFC8A250094C61B /* GeneralTextFieldView.swift in Sources */ = {isa = PBXBuildFile; fileRef = 7EACAC1C2CFC8A250094C61B /* GeneralTextFieldView.swift */; };
		7EACAC1F2CFC8A330094C61B /* GeneralTextFieldView.xib in Resources */ = {isa = PBXBuildFile; fileRef = 7EACAC1E2CFC8A330094C61B /* GeneralTextFieldView.xib */; };
		7EACAC212CFCB17C0094C61B /* UIView+Ext.swift in Sources */ = {isa = PBXBuildFile; fileRef = 7EACAC202CFCB17C0094C61B /* UIView+Ext.swift */; };
		7EACAC232CFCB6D70094C61B /* UIColor+Ext.swift in Sources */ = {isa = PBXBuildFile; fileRef = 7EACAC222CFCB6D70094C61B /* UIColor+Ext.swift */; };
		7EB0EA7B2D096A6100579D9E /* DetailBookViewController.swift in Sources */ = {isa = PBXBuildFile; fileRef = 7EB0EA7A2D096A6100579D9E /* DetailBookViewController.swift */; };
		7EB0EA7E2D09752F00579D9E /* DetailInfoBookViewController.swift in Sources */ = {isa = PBXBuildFile; fileRef = 7EB0EA7D2D09752F00579D9E /* DetailInfoBookViewController.swift */; };
		7EB100572D126B0E00257511 /* TransactionViewModel.swift in Sources */ = {isa = PBXBuildFile; fileRef = 7EB100562D126B0E00257511 /* TransactionViewModel.swift */; };
		7EB100592D126B1B00257511 /* TransactionUseCase.swift in Sources */ = {isa = PBXBuildFile; fileRef = 7EB100582D126B1B00257511 /* TransactionUseCase.swift */; };
		7EB1005B2D126B3800257511 /* TransactionViewController.swift in Sources */ = {isa = PBXBuildFile; fileRef = 7EB1005A2D126B3800257511 /* TransactionViewController.swift */; };
		7EE0A6B42CFCCE8F000BDEBF /* PasswordTextField.swift in Sources */ = {isa = PBXBuildFile; fileRef = 7EE0A6B32CFCCE8F000BDEBF /* PasswordTextField.swift */; };
		7EE0A6B72CFCDB81000BDEBF /* MainActionButton.swift in Sources */ = {isa = PBXBuildFile; fileRef = 7EE0A6B62CFCDB81000BDEBF /* MainActionButton.swift */; };
		7EE0A6BA2CFCE7A9000BDEBF /* RegisterViewModel.swift in Sources */ = {isa = PBXBuildFile; fileRef = 7EE0A6B92CFCE7A9000BDEBF /* RegisterViewModel.swift */; };
		7EE0A6BC2CFCE7BC000BDEBF /* RegisterViewController.swift in Sources */ = {isa = PBXBuildFile; fileRef = 7EE0A6BB2CFCE7BC000BDEBF /* RegisterViewController.swift */; };
		7EE0A6BF2CFD48F4000BDEBF /* MainNavigationController.swift in Sources */ = {isa = PBXBuildFile; fileRef = 7EE0A6BE2CFD48F4000BDEBF /* MainNavigationController.swift */; };
		7EE0A6C62CFD7FF7000BDEBF /* ImageActionButton.swift in Sources */ = {isa = PBXBuildFile; fileRef = 7EE0A6C52CFD7FF7000BDEBF /* ImageActionButton.swift */; };
		7EE0A6C82CFDBF50000BDEBF /* CustomerModel.swift in Sources */ = {isa = PBXBuildFile; fileRef = 7EE0A6C72CFDBF50000BDEBF /* CustomerModel.swift */; };
		7EE0A6CA2CFDBFCC000BDEBF /* AuthenticationRepository.swift in Sources */ = {isa = PBXBuildFile; fileRef = 7EE0A6C92CFDBFCC000BDEBF /* AuthenticationRepository.swift */; };
		7EE0A6CC2CFDC1FD000BDEBF /* CustomerMapper.swift in Sources */ = {isa = PBXBuildFile; fileRef = 7EE0A6CB2CFDC1FD000BDEBF /* CustomerMapper.swift */; };
/* End PBXBuildFile section */

/* Begin PBXFileReference section */
		7E10D9252CF997BB00B11046 /* gramejia.xcdatamodel */ = {isa = PBXFileReference; lastKnownFileType = wrapper.xcdatamodel; path = gramejia.xcdatamodel; sourceTree = "<group>"; };
		7E10D9272CF9990500B11046 /* CoreDataManager.swift */ = {isa = PBXFileReference; lastKnownFileType = sourcecode.swift; path = CoreDataManager.swift; sourceTree = "<group>"; };
		7E10D92A2CF9996E00B11046 /* Error+Ext.swift */ = {isa = PBXFileReference; lastKnownFileType = sourcecode.swift; path = "Error+Ext.swift"; sourceTree = "<group>"; };
		7E10D92F2CFB638200B11046 /* BookRepository.swift */ = {isa = PBXFileReference; lastKnownFileType = sourcecode.swift; path = BookRepository.swift; sourceTree = "<group>"; };
		7E10D9322CFB64D400B11046 /* BookModel.swift */ = {isa = PBXFileReference; lastKnownFileType = sourcecode.swift; path = BookModel.swift; sourceTree = "<group>"; };
		7E10D9352CFB693400B11046 /* BookMapper.swift */ = {isa = PBXFileReference; lastKnownFileType = sourcecode.swift; path = BookMapper.swift; sourceTree = "<group>"; };
		7E10D9382CFB76FD00B11046 /* Injection.swift */ = {isa = PBXFileReference; lastKnownFileType = sourcecode.swift; path = Injection.swift; sourceTree = "<group>"; };
		7E10D93D2CFB782300B11046 /* AddBookViewController.swift */ = {isa = PBXFileReference; lastKnownFileType = sourcecode.swift; path = AddBookViewController.swift; sourceTree = "<group>"; };
		7E10D93F2CFB783300B11046 /* AddBookViewModel.swift */ = {isa = PBXFileReference; lastKnownFileType = sourcecode.swift; path = AddBookViewModel.swift; sourceTree = "<group>"; };
		7E10D9412CFB787600B11046 /* AddBookUseCase.swift */ = {isa = PBXFileReference; lastKnownFileType = sourcecode.swift; path = AddBookUseCase.swift; sourceTree = "<group>"; };
		7E10D94D2CFC419800B11046 /* LoginViewController.swift */ = {isa = PBXFileReference; lastKnownFileType = sourcecode.swift; path = LoginViewController.swift; sourceTree = "<group>"; };
		7E10D94F2CFC41A100B11046 /* LoginViewModel.swift */ = {isa = PBXFileReference; lastKnownFileType = sourcecode.swift; path = LoginViewModel.swift; sourceTree = "<group>"; };
		7E10D9512CFC41AA00B11046 /* LoginUseCase.swift */ = {isa = PBXFileReference; lastKnownFileType = sourcecode.swift; path = LoginUseCase.swift; sourceTree = "<group>"; };
		7E10D9572CFC4F7F00B11046 /* Nunito-BoldItalic.ttf */ = {isa = PBXFileReference; lastKnownFileType = file; path = "Nunito-BoldItalic.ttf"; sourceTree = "<group>"; };
		7E10D9582CFC4F7F00B11046 /* Nunito-ExtraLightItalic.ttf */ = {isa = PBXFileReference; lastKnownFileType = file; path = "Nunito-ExtraLightItalic.ttf"; sourceTree = "<group>"; };
		7E10D9592CFC4F7F00B11046 /* Nunito-Light.ttf */ = {isa = PBXFileReference; lastKnownFileType = file; path = "Nunito-Light.ttf"; sourceTree = "<group>"; };
		7E10D95A2CFC4F7F00B11046 /* Nunito-LightItalic.ttf */ = {isa = PBXFileReference; lastKnownFileType = file; path = "Nunito-LightItalic.ttf"; sourceTree = "<group>"; };
		7E10D95B2CFC4F7F00B11046 /* Nunito-Bold.ttf */ = {isa = PBXFileReference; lastKnownFileType = file; path = "Nunito-Bold.ttf"; sourceTree = "<group>"; };
		7E10D95C2CFC4F7F00B11046 /* Nunito-SemiBold.ttf */ = {isa = PBXFileReference; lastKnownFileType = file; path = "Nunito-SemiBold.ttf"; sourceTree = "<group>"; };
		7E10D95D2CFC4F7F00B11046 /* Nunito-Italic.ttf */ = {isa = PBXFileReference; lastKnownFileType = file; path = "Nunito-Italic.ttf"; sourceTree = "<group>"; };
		7E10D95E2CFC4F7F00B11046 /* Nunito-BlackItalic.ttf */ = {isa = PBXFileReference; lastKnownFileType = file; path = "Nunito-BlackItalic.ttf"; sourceTree = "<group>"; };
		7E10D95F2CFC4F7F00B11046 /* Nunito-MediumItalic.ttf */ = {isa = PBXFileReference; lastKnownFileType = file; path = "Nunito-MediumItalic.ttf"; sourceTree = "<group>"; };
		7E10D9602CFC4F8000B11046 /* Nunito-ExtraBoldItalic.ttf */ = {isa = PBXFileReference; lastKnownFileType = file; path = "Nunito-ExtraBoldItalic.ttf"; sourceTree = "<group>"; };
		7E10D9612CFC4F8000B11046 /* Nunito-SemiBoldItalic.ttf */ = {isa = PBXFileReference; lastKnownFileType = file; path = "Nunito-SemiBoldItalic.ttf"; sourceTree = "<group>"; };
		7E10D9622CFC4F8000B11046 /* Nunito-ExtraBold.ttf */ = {isa = PBXFileReference; lastKnownFileType = file; path = "Nunito-ExtraBold.ttf"; sourceTree = "<group>"; };
		7E10D9632CFC4F8000B11046 /* Nunito-Black.ttf */ = {isa = PBXFileReference; lastKnownFileType = file; path = "Nunito-Black.ttf"; sourceTree = "<group>"; };
		7E10D9642CFC4F8000B11046 /* Nunito-Medium.ttf */ = {isa = PBXFileReference; lastKnownFileType = file; path = "Nunito-Medium.ttf"; sourceTree = "<group>"; };
		7E10D9652CFC4F8000B11046 /* Nunito-Regular.ttf */ = {isa = PBXFileReference; lastKnownFileType = file; path = "Nunito-Regular.ttf"; sourceTree = "<group>"; };
		7E10D9662CFC4F8000B11046 /* Nunito-ExtraLight.ttf */ = {isa = PBXFileReference; lastKnownFileType = file; path = "Nunito-ExtraLight.ttf"; sourceTree = "<group>"; };
		7E10D9782CFC51F200B11046 /* UIFont+Ext.swift */ = {isa = PBXFileReference; lastKnownFileType = sourcecode.swift; path = "UIFont+Ext.swift"; sourceTree = "<group>"; };
		7E10D97B2CFC53EE00B11046 /* CustomFontUtil.swift */ = {isa = PBXFileReference; lastKnownFileType = sourcecode.swift; path = CustomFontUtil.swift; sourceTree = "<group>"; };
		7E23D8912CF9963500710336 /* gramejia.app */ = {isa = PBXFileReference; explicitFileType = wrapper.application; includeInIndex = 0; path = gramejia.app; sourceTree = BUILT_PRODUCTS_DIR; };
		7E23D8942CF9963500710336 /* AppDelegate.swift */ = {isa = PBXFileReference; lastKnownFileType = sourcecode.swift; path = AppDelegate.swift; sourceTree = "<group>"; };
		7E23D8962CF9963500710336 /* SceneDelegate.swift */ = {isa = PBXFileReference; lastKnownFileType = sourcecode.swift; path = SceneDelegate.swift; sourceTree = "<group>"; };
		7E23D89B2CF9963500710336 /* Base */ = {isa = PBXFileReference; lastKnownFileType = file.storyboard; name = Base; path = Base.lproj/Main.storyboard; sourceTree = "<group>"; };
		7E23D89D2CF9963600710336 /* Assets.xcassets */ = {isa = PBXFileReference; lastKnownFileType = folder.assetcatalog; path = Assets.xcassets; sourceTree = "<group>"; };
		7E23D8A02CF9963600710336 /* Base */ = {isa = PBXFileReference; lastKnownFileType = file.storyboard; name = Base; path = Base.lproj/LaunchScreen.storyboard; sourceTree = "<group>"; };
		7E23D8A22CF9963600710336 /* Info.plist */ = {isa = PBXFileReference; lastKnownFileType = text.plist.xml; path = Info.plist; sourceTree = "<group>"; };
		7E30C35E2D047077008581A3 /* ImageFieldView.swift */ = {isa = PBXFileReference; lastKnownFileType = sourcecode.swift; path = ImageFieldView.swift; sourceTree = "<group>"; };
		7E30C3622D0470AD008581A3 /* ImageFieldView.xib */ = {isa = PBXFileReference; lastKnownFileType = file.xib; path = ImageFieldView.xib; sourceTree = "<group>"; };
		7E30C3682D048304008581A3 /* add-image.json */ = {isa = PBXFileReference; fileEncoding = 4; lastKnownFileType = text.json; path = "add-image.json"; sourceTree = "<group>"; };
		7E30C36E2D05631E008581A3 /* Date+Ext.swift */ = {isa = PBXFileReference; lastKnownFileType = sourcecode.swift; path = "Date+Ext.swift"; sourceTree = "<group>"; };
		7E30C3702D056326008581A3 /* String+Ext.swift */ = {isa = PBXFileReference; lastKnownFileType = sourcecode.swift; path = "String+Ext.swift"; sourceTree = "<group>"; };
		7E30C3722D056991008581A3 /* UIImage+Ext.swift */ = {isa = PBXFileReference; lastKnownFileType = sourcecode.swift; path = "UIImage+Ext.swift"; sourceTree = "<group>"; };
		7E30C3742D057217008581A3 /* HomeViewModel.swift */ = {isa = PBXFileReference; lastKnownFileType = sourcecode.swift; path = HomeViewModel.swift; sourceTree = "<group>"; };
		7E30C3762D057221008581A3 /* HomeUseCase.swift */ = {isa = PBXFileReference; lastKnownFileType = sourcecode.swift; path = HomeUseCase.swift; sourceTree = "<group>"; };
		7E30C3792D057D4E008581A3 /* BookTableViewCell.swift */ = {isa = PBXFileReference; lastKnownFileType = sourcecode.swift; path = BookTableViewCell.swift; sourceTree = "<group>"; };
		7E30C37A2D057D4E008581A3 /* BookTableViewCell.xib */ = {isa = PBXFileReference; lastKnownFileType = file.xib; path = BookTableViewCell.xib; sourceTree = "<group>"; };
		7E30C37E2D058797008581A3 /* ContentSizedTableView.swift */ = {isa = PBXFileReference; lastKnownFileType = sourcecode.swift; path = ContentSizedTableView.swift; sourceTree = "<group>"; };
		7E363B882D11C7CC007D4837 /* TransactionItemModel.swift */ = {isa = PBXFileReference; lastKnownFileType = sourcecode.swift; path = TransactionItemModel.swift; sourceTree = "<group>"; };
		7E363B8A2D11F5A4007D4837 /* TransactionModel.swift */ = {isa = PBXFileReference; lastKnownFileType = sourcecode.swift; path = TransactionModel.swift; sourceTree = "<group>"; };
		7E363B8C2D11F658007D4837 /* TransactionMapper.swift */ = {isa = PBXFileReference; lastKnownFileType = sourcecode.swift; path = TransactionMapper.swift; sourceTree = "<group>"; };
		7E363B8E2D1263D5007D4837 /* TransactionRepository.swift */ = {isa = PBXFileReference; lastKnownFileType = sourcecode.swift; path = TransactionRepository.swift; sourceTree = "<group>"; };
		7E3878662D0E05A900789955 /* BookCollectionViewCell.swift */ = {isa = PBXFileReference; lastKnownFileType = sourcecode.swift; path = BookCollectionViewCell.swift; sourceTree = "<group>"; };
		7E3878672D0E05A900789955 /* BookCollectionViewCell.xib */ = {isa = PBXFileReference; lastKnownFileType = file.xib; path = BookCollectionViewCell.xib; sourceTree = "<group>"; };
		7E38786B2D0EC2D600789955 /* preload.json */ = {isa = PBXFileReference; fileEncoding = 4; lastKnownFileType = text.json; path = preload.json; sourceTree = "<group>"; };
		7E38786D2D0EFE3300789955 /* UserdefaultManager.swift */ = {isa = PBXFileReference; lastKnownFileType = sourcecode.swift; path = UserdefaultManager.swift; sourceTree = "<group>"; };
		7E3878702D0F191700789955 /* CartViewController.swift */ = {isa = PBXFileReference; lastKnownFileType = sourcecode.swift; path = CartViewController.swift; sourceTree = "<group>"; };
		7E3878722D0F1F8800789955 /* CartViewModel.swift */ = {isa = PBXFileReference; lastKnownFileType = sourcecode.swift; path = CartViewModel.swift; sourceTree = "<group>"; };
		7E3878742D0F1F9500789955 /* CartUseCase.swift */ = {isa = PBXFileReference; lastKnownFileType = sourcecode.swift; path = CartUseCase.swift; sourceTree = "<group>"; };
		7E3878772D0F246100789955 /* CartTableViewCell.swift */ = {isa = PBXFileReference; lastKnownFileType = sourcecode.swift; path = CartTableViewCell.swift; sourceTree = "<group>"; };
		7E3878782D0F246100789955 /* CartTableViewCell.xib */ = {isa = PBXFileReference; lastKnownFileType = file.xib; path = CartTableViewCell.xib; sourceTree = "<group>"; };
		7E38787B2D0F4BFD00789955 /* CartMapper.swift */ = {isa = PBXFileReference; lastKnownFileType = sourcecode.swift; path = CartMapper.swift; sourceTree = "<group>"; };
		7E38787D2D0F4C4E00789955 /* CartItemModel.swift */ = {isa = PBXFileReference; lastKnownFileType = sourcecode.swift; path = CartItemModel.swift; sourceTree = "<group>"; };
		7E38787F2D0F4EAA00789955 /* CartRepository.swift */ = {isa = PBXFileReference; lastKnownFileType = sourcecode.swift; path = CartRepository.swift; sourceTree = "<group>"; };
		7E4DA5F42CFEE11000C5D7AC /* error.json */ = {isa = PBXFileReference; fileEncoding = 4; lastKnownFileType = text.json; path = error.json; sourceTree = "<group>"; };
		7E4DA5F62CFEE6EA00C5D7AC /* PopupModel.swift */ = {isa = PBXFileReference; lastKnownFileType = sourcecode.swift; path = PopupModel.swift; sourceTree = "<group>"; };
		7E4DA5F82CFF5D8500C5D7AC /* BaseViewModel.swift */ = {isa = PBXFileReference; lastKnownFileType = sourcecode.swift; path = BaseViewModel.swift; sourceTree = "<group>"; };
		7E4DA5FA2D00217400C5D7AC /* login.json */ = {isa = PBXFileReference; fileEncoding = 4; lastKnownFileType = text.json; path = login.json; sourceTree = "<group>"; };
		7E4DA5FC2D00235B00C5D7AC /* register.json */ = {isa = PBXFileReference; fileEncoding = 4; lastKnownFileType = text.json; path = register.json; sourceTree = "<group>"; };
		7E4DA5FE2D00355500C5D7AC /* AdminModel.swift */ = {isa = PBXFileReference; lastKnownFileType = sourcecode.swift; path = AdminModel.swift; sourceTree = "<group>"; };
		7E4DA6002D0035F200C5D7AC /* AdminMapper.swift */ = {isa = PBXFileReference; lastKnownFileType = sourcecode.swift; path = AdminMapper.swift; sourceTree = "<group>"; };
		7E4DA6032D00ACF700C5D7AC /* HomeViewController.swift */ = {isa = PBXFileReference; lastKnownFileType = sourcecode.swift; path = HomeViewController.swift; sourceTree = "<group>"; };
		7E4DA6062D00AD3500C5D7AC /* ProfileViewController.swift */ = {isa = PBXFileReference; lastKnownFileType = sourcecode.swift; path = ProfileViewController.swift; sourceTree = "<group>"; };
		7E66817B2D16EDA40093013B /* empty.json */ = {isa = PBXFileReference; fileEncoding = 4; lastKnownFileType = text.json; path = empty.json; sourceTree = "<group>"; };
		7E6681802D16EDE00093013B /* EmptyView.swift */ = {isa = PBXFileReference; lastKnownFileType = sourcecode.swift; path = EmptyView.swift; sourceTree = "<group>"; };
		7E6681842D16EEF40093013B /* EmptyView.xib */ = {isa = PBXFileReference; lastKnownFileType = file.xib; path = EmptyView.xib; sourceTree = "<group>"; };
		7E6ADAD22D0424E000BE222F /* GeneralTextView.swift */ = {isa = PBXFileReference; lastKnownFileType = sourcecode.swift; path = GeneralTextView.swift; sourceTree = "<group>"; };
		7E6ADAD42D0424FC00BE222F /* GeneralTextView.xib */ = {isa = PBXFileReference; lastKnownFileType = file.xib; path = GeneralTextView.xib; sourceTree = "<group>"; };
		7E6FF4842D0D679E007340FB /* ProductCounterView.xib */ = {isa = PBXFileReference; lastKnownFileType = file.xib; path = ProductCounterView.xib; sourceTree = "<group>"; };
		7E6FF4862D0D67AD007340FB /* ProductCounterView.swift */ = {isa = PBXFileReference; lastKnownFileType = sourcecode.swift; path = ProductCounterView.swift; sourceTree = "<group>"; };
		7E6FF4882D0DB566007340FB /* DetailBookViewModel.swift */ = {isa = PBXFileReference; lastKnownFileType = sourcecode.swift; path = DetailBookViewModel.swift; sourceTree = "<group>"; };
		7E6FF48A2D0DB77F007340FB /* Double+Ext.swift */ = {isa = PBXFileReference; lastKnownFileType = sourcecode.swift; path = "Double+Ext.swift"; sourceTree = "<group>"; };
		7E7900C62D108ED800920E67 /* DetailBookUseCase.swift */ = {isa = PBXFileReference; lastKnownFileType = sourcecode.swift; path = DetailBookUseCase.swift; sourceTree = "<group>"; };
		7E7F8B282CFDF52700B61544 /* BaseViewController.swift */ = {isa = PBXFileReference; lastKnownFileType = sourcecode.swift; path = BaseViewController.swift; sourceTree = "<group>"; };
		7E7F8B2B2CFDFF8500B61544 /* LoadingView.swift */ = {isa = PBXFileReference; lastKnownFileType = sourcecode.swift; path = LoadingView.swift; sourceTree = "<group>"; };
		7E7F8B312CFE018400B61544 /* loading.json */ = {isa = PBXFileReference; fileEncoding = 4; lastKnownFileType = text.json; path = loading.json; sourceTree = "<group>"; };
		7E7F8B342CFE046200B61544 /* SnackBarView.swift */ = {isa = PBXFileReference; lastKnownFileType = sourcecode.swift; path = SnackBarView.swift; sourceTree = "<group>"; };
		7E7F8B372CFE0B0400B61544 /* PopupViewController.swift */ = {isa = PBXFileReference; lastKnownFileType = sourcecode.swift; path = PopupViewController.swift; sourceTree = "<group>"; };
		7E7F8B382CFE0B0400B61544 /* PopupViewController.xib */ = {isa = PBXFileReference; lastKnownFileType = file.xib; path = PopupViewController.xib; sourceTree = "<group>"; };
		7E7F8B3C2CFEADA000B61544 /* PopupTransitionDelegate.swift */ = {isa = PBXFileReference; lastKnownFileType = sourcecode.swift; path = PopupTransitionDelegate.swift; sourceTree = "<group>"; };
		7E7F8B3E2CFEB55D00B61544 /* PopupViewDelegate.swift */ = {isa = PBXFileReference; lastKnownFileType = sourcecode.swift; path = PopupViewDelegate.swift; sourceTree = "<group>"; };
		7E8417472D16741F00072AB7 /* ProfileViewModel.swift */ = {isa = PBXFileReference; lastKnownFileType = sourcecode.swift; path = ProfileViewModel.swift; sourceTree = "<group>"; };
		7E8417492D16742C00072AB7 /* ProfileUseCase.swift */ = {isa = PBXFileReference; lastKnownFileType = sourcecode.swift; path = ProfileUseCase.swift; sourceTree = "<group>"; };
		7E84174B2D169E2D00072AB7 /* UserProfileModel.swift */ = {isa = PBXFileReference; lastKnownFileType = sourcecode.swift; path = UserProfileModel.swift; sourceTree = "<group>"; };
		7E8417502D16A7CC00072AB7 /* TopupViewController.swift */ = {isa = PBXFileReference; lastKnownFileType = sourcecode.swift; path = TopupViewController.swift; sourceTree = "<group>"; };
		7E8417522D16A7DC00072AB7 /* TopupViewModel.swift */ = {isa = PBXFileReference; lastKnownFileType = sourcecode.swift; path = TopupViewModel.swift; sourceTree = "<group>"; };
		7E8417542D16A7E400072AB7 /* TopupUseCase.swift */ = {isa = PBXFileReference; lastKnownFileType = sourcecode.swift; path = TopupUseCase.swift; sourceTree = "<group>"; };
		7E8417572D16B37B00072AB7 /* DenomCollectionViewCell.swift */ = {isa = PBXFileReference; lastKnownFileType = sourcecode.swift; path = DenomCollectionViewCell.swift; sourceTree = "<group>"; };
		7E8417582D16B37B00072AB7 /* DenomCollectionViewCell.xib */ = {isa = PBXFileReference; lastKnownFileType = file.xib; path = DenomCollectionViewCell.xib; sourceTree = "<group>"; };
		7E8652FB2CFDCF4500EBF68B /* RegisterUseCase.swift */ = {isa = PBXFileReference; lastKnownFileType = sourcecode.swift; path = RegisterUseCase.swift; sourceTree = "<group>"; };
		7E9778542D13F4E000030EC3 /* TransactionTableViewCell.swift */ = {isa = PBXFileReference; lastKnownFileType = sourcecode.swift; path = TransactionTableViewCell.swift; sourceTree = "<group>"; };
		7E9778552D13F4E000030EC3 /* TransactionTableViewCell.xib */ = {isa = PBXFileReference; lastKnownFileType = file.xib; path = TransactionTableViewCell.xib; sourceTree = "<group>"; };
		7EACAC1C2CFC8A250094C61B /* GeneralTextFieldView.swift */ = {isa = PBXFileReference; lastKnownFileType = sourcecode.swift; path = GeneralTextFieldView.swift; sourceTree = "<group>"; };
		7EACAC1E2CFC8A330094C61B /* GeneralTextFieldView.xib */ = {isa = PBXFileReference; lastKnownFileType = file.xib; path = GeneralTextFieldView.xib; sourceTree = "<group>"; };
		7EACAC202CFCB17C0094C61B /* UIView+Ext.swift */ = {isa = PBXFileReference; lastKnownFileType = sourcecode.swift; path = "UIView+Ext.swift"; sourceTree = "<group>"; };
		7EACAC222CFCB6D70094C61B /* UIColor+Ext.swift */ = {isa = PBXFileReference; lastKnownFileType = sourcecode.swift; path = "UIColor+Ext.swift"; sourceTree = "<group>"; };
		7EB0EA7A2D096A6100579D9E /* DetailBookViewController.swift */ = {isa = PBXFileReference; lastKnownFileType = sourcecode.swift; path = DetailBookViewController.swift; sourceTree = "<group>"; };
		7EB0EA7D2D09752F00579D9E /* DetailInfoBookViewController.swift */ = {isa = PBXFileReference; lastKnownFileType = sourcecode.swift; path = DetailInfoBookViewController.swift; sourceTree = "<group>"; };
		7EB100562D126B0E00257511 /* TransactionViewModel.swift */ = {isa = PBXFileReference; lastKnownFileType = sourcecode.swift; path = TransactionViewModel.swift; sourceTree = "<group>"; };
		7EB100582D126B1B00257511 /* TransactionUseCase.swift */ = {isa = PBXFileReference; lastKnownFileType = sourcecode.swift; path = TransactionUseCase.swift; sourceTree = "<group>"; };
		7EB1005A2D126B3800257511 /* TransactionViewController.swift */ = {isa = PBXFileReference; lastKnownFileType = sourcecode.swift; path = TransactionViewController.swift; sourceTree = "<group>"; };
		7EE0A6B32CFCCE8F000BDEBF /* PasswordTextField.swift */ = {isa = PBXFileReference; lastKnownFileType = sourcecode.swift; path = PasswordTextField.swift; sourceTree = "<group>"; };
		7EE0A6B62CFCDB81000BDEBF /* MainActionButton.swift */ = {isa = PBXFileReference; lastKnownFileType = sourcecode.swift; path = MainActionButton.swift; sourceTree = "<group>"; };
		7EE0A6B92CFCE7A9000BDEBF /* RegisterViewModel.swift */ = {isa = PBXFileReference; lastKnownFileType = sourcecode.swift; path = RegisterViewModel.swift; sourceTree = "<group>"; };
		7EE0A6BB2CFCE7BC000BDEBF /* RegisterViewController.swift */ = {isa = PBXFileReference; lastKnownFileType = sourcecode.swift; path = RegisterViewController.swift; sourceTree = "<group>"; };
		7EE0A6BE2CFD48F4000BDEBF /* MainNavigationController.swift */ = {isa = PBXFileReference; lastKnownFileType = sourcecode.swift; path = MainNavigationController.swift; sourceTree = "<group>"; };
		7EE0A6C52CFD7FF7000BDEBF /* ImageActionButton.swift */ = {isa = PBXFileReference; lastKnownFileType = sourcecode.swift; path = ImageActionButton.swift; sourceTree = "<group>"; };
		7EE0A6C72CFDBF50000BDEBF /* CustomerModel.swift */ = {isa = PBXFileReference; lastKnownFileType = sourcecode.swift; path = CustomerModel.swift; sourceTree = "<group>"; };
		7EE0A6C92CFDBFCC000BDEBF /* AuthenticationRepository.swift */ = {isa = PBXFileReference; lastKnownFileType = sourcecode.swift; path = AuthenticationRepository.swift; sourceTree = "<group>"; };
		7EE0A6CB2CFDC1FD000BDEBF /* CustomerMapper.swift */ = {isa = PBXFileReference; lastKnownFileType = sourcecode.swift; path = CustomerMapper.swift; sourceTree = "<group>"; };
/* End PBXFileReference section */

/* Begin PBXFrameworksBuildPhase section */
		7E23D88E2CF9963500710336 /* Frameworks */ = {
			isa = PBXFrameworksBuildPhase;
			buildActionMask = 2147483647;
			files = (
				7E7F8B2F2CFE006400B61544 /* Lottie in Frameworks */,
			);
			runOnlyForDeploymentPostprocessing = 0;
		};
/* End PBXFrameworksBuildPhase section */

/* Begin PBXGroup section */
		7E10D91C2CF996E600B11046 /* Base */ = {
			isa = PBXGroup;
			children = (
				7E23D8942CF9963500710336 /* AppDelegate.swift */,
				7E23D8962CF9963500710336 /* SceneDelegate.swift */,
			);
			path = Base;
			sourceTree = "<group>";
		};
		7E10D91F2CF9970D00B11046 /* StoryBoard */ = {
			isa = PBXGroup;
			children = (
				7E23D89A2CF9963500710336 /* Main.storyboard */,
				7E23D89F2CF9963600710336 /* LaunchScreen.storyboard */,
			);
			path = StoryBoard;
			sourceTree = "<group>";
		};
		7E10D9202CF9971B00B11046 /* Asset */ = {
			isa = PBXGroup;
			children = (
				7E7F8B302CFE017300B61544 /* Lottie */,
				7E10D9562CFC4F5400B11046 /* Font */,
				7E23D89D2CF9963600710336 /* Assets.xcassets */,
			);
			path = Asset;
			sourceTree = "<group>";
		};
		7E10D9222CF997A200B11046 /* Manager */ = {
			isa = PBXGroup;
			children = (
				7E10D9272CF9990500B11046 /* CoreDataManager.swift */,
				7E38786D2D0EFE3300789955 /* UserdefaultManager.swift */,
			);
			path = Manager;
			sourceTree = "<group>";
		};
		7E10D9232CF997AA00B11046 /* Entity */ = {
			isa = PBXGroup;
			children = (
				7E10D9242CF997BB00B11046 /* gramejia.xcdatamodeld */,
			);
			path = Entity;
			sourceTree = "<group>";
		};
		7E10D9292CF9996500B11046 /* Extension */ = {
			isa = PBXGroup;
			children = (
				7E10D92A2CF9996E00B11046 /* Error+Ext.swift */,
			);
			path = Extension;
			sourceTree = "<group>";
		};
		7E10D92C2CF9AD9E00B11046 /* Module */ = {
			isa = PBXGroup;
			children = (
				7E84174D2D16A74A00072AB7 /* Topup */,
				7EB100552D126AF700257511 /* Transaction */,
				7E38786F2D0F13E900789955 /* Cart */,
				7EB0EA792D09698F00579D9E /* DetailBook */,
				7E4DA6052D00AD2900C5D7AC /* Profile */,
				7E4DA6022D00ACCC00C5D7AC /* Home */,
				7EE0A6BD2CFD48D4000BDEBF /* NavigationController */,
				7EE0A6B82CFCE796000BDEBF /* Register */,
				7E10D94C2CFC418700B11046 /* Login */,
				7E10D93A2CFB77F600B11046 /* AddBook */,
			);
			path = Module;
			sourceTree = "<group>";
		};
		7E10D92D2CFB61ED00B11046 /* Core */ = {
			isa = PBXGroup;
			children = (
				7EE0A6B52CFCDB77000BDEBF /* Button */,
				7E10D97A2CFC53DE00B11046 /* Utility */,
				7E10D9772CFC51E600B11046 /* Extension */,
				7E10D9372CFB76D200B11046 /* Injection */,
				7E10D9342CFB692B00B11046 /* Mapper */,
				7E10D9312CFB64C800B11046 /* Domain */,
				7E10D9222CF997A200B11046 /* Manager */,
				7E10D92E2CFB61F100B11046 /* Repository */,
			);
			path = Core;
			sourceTree = "<group>";
		};
		7E10D92E2CFB61F100B11046 /* Repository */ = {
			isa = PBXGroup;
			children = (
				7E10D92F2CFB638200B11046 /* BookRepository.swift */,
				7EE0A6C92CFDBFCC000BDEBF /* AuthenticationRepository.swift */,
				7E38787F2D0F4EAA00789955 /* CartRepository.swift */,
				7E363B8E2D1263D5007D4837 /* TransactionRepository.swift */,
			);
			path = Repository;
			sourceTree = "<group>";
		};
		7E10D9312CFB64C800B11046 /* Domain */ = {
			isa = PBXGroup;
			children = (
				7E10D9322CFB64D400B11046 /* BookModel.swift */,
				7EE0A6C72CFDBF50000BDEBF /* CustomerModel.swift */,
				7E4DA5FE2D00355500C5D7AC /* AdminModel.swift */,
				7E38787D2D0F4C4E00789955 /* CartItemModel.swift */,
				7E363B882D11C7CC007D4837 /* TransactionItemModel.swift */,
				7E363B8A2D11F5A4007D4837 /* TransactionModel.swift */,
				7E84174B2D169E2D00072AB7 /* UserProfileModel.swift */,
			);
			path = Domain;
			sourceTree = "<group>";
		};
		7E10D9342CFB692B00B11046 /* Mapper */ = {
			isa = PBXGroup;
			children = (
				7E10D9352CFB693400B11046 /* BookMapper.swift */,
				7EE0A6CB2CFDC1FD000BDEBF /* CustomerMapper.swift */,
				7E4DA6002D0035F200C5D7AC /* AdminMapper.swift */,
				7E38787B2D0F4BFD00789955 /* CartMapper.swift */,
				7E363B8C2D11F658007D4837 /* TransactionMapper.swift */,
			);
			path = Mapper;
			sourceTree = "<group>";
		};
		7E10D9372CFB76D200B11046 /* Injection */ = {
			isa = PBXGroup;
			children = (
				7E10D9382CFB76FD00B11046 /* Injection.swift */,
			);
			path = Injection;
			sourceTree = "<group>";
		};
		7E10D93A2CFB77F600B11046 /* AddBook */ = {
			isa = PBXGroup;
			children = (
				7E10D93D2CFB782300B11046 /* AddBookViewController.swift */,
				7E10D93F2CFB783300B11046 /* AddBookViewModel.swift */,
				7E10D9412CFB787600B11046 /* AddBookUseCase.swift */,
			);
			path = AddBook;
			sourceTree = "<group>";
		};
		7E10D94C2CFC418700B11046 /* Login */ = {
			isa = PBXGroup;
			children = (
				7E10D94D2CFC419800B11046 /* LoginViewController.swift */,
				7E10D94F2CFC41A100B11046 /* LoginViewModel.swift */,
				7E10D9512CFC41AA00B11046 /* LoginUseCase.swift */,
			);
			path = Login;
			sourceTree = "<group>";
		};
		7E10D9532CFC4A4E00B11046 /* Component */ = {
			isa = PBXGroup;
			children = (
				7E66817F2D16EDD40093013B /* Empty */,
				7E38786A2D0EC2CB00789955 /* Preload */,
				7E6FF4832D0D6762007340FB /* ProductCounter */,
				7E30C37D2D058788008581A3 /* TableView */,
				7E30C35D2D047060008581A3 /* ImageField */,
				7E6ADAD12D04229900BE222F /* Textview */,
				7E7F8B362CFE0AE500B61544 /* Popup */,
				7E7F8B332CFE045700B61544 /* SnackBar */,
				7E7F8B2A2CFDFF7A00B61544 /* Loading */,
				7E7F8B272CFDF50E00B61544 /* Base */,
				7EE0A6B22CFCCE7B000BDEBF /* Textfield */,
			);
			path = Component;
			sourceTree = "<group>";
		};
		7E10D9562CFC4F5400B11046 /* Font */ = {
			isa = PBXGroup;
			children = (
				7E10D9632CFC4F8000B11046 /* Nunito-Black.ttf */,
				7E10D95E2CFC4F7F00B11046 /* Nunito-BlackItalic.ttf */,
				7E10D95B2CFC4F7F00B11046 /* Nunito-Bold.ttf */,
				7E10D9572CFC4F7F00B11046 /* Nunito-BoldItalic.ttf */,
				7E10D9622CFC4F8000B11046 /* Nunito-ExtraBold.ttf */,
				7E10D9602CFC4F8000B11046 /* Nunito-ExtraBoldItalic.ttf */,
				7E10D9662CFC4F8000B11046 /* Nunito-ExtraLight.ttf */,
				7E10D9582CFC4F7F00B11046 /* Nunito-ExtraLightItalic.ttf */,
				7E10D95D2CFC4F7F00B11046 /* Nunito-Italic.ttf */,
				7E10D9592CFC4F7F00B11046 /* Nunito-Light.ttf */,
				7E10D95A2CFC4F7F00B11046 /* Nunito-LightItalic.ttf */,
				7E10D9642CFC4F8000B11046 /* Nunito-Medium.ttf */,
				7E10D95F2CFC4F7F00B11046 /* Nunito-MediumItalic.ttf */,
				7E10D9652CFC4F8000B11046 /* Nunito-Regular.ttf */,
				7E10D95C2CFC4F7F00B11046 /* Nunito-SemiBold.ttf */,
				7E10D9612CFC4F8000B11046 /* Nunito-SemiBoldItalic.ttf */,
			);
			path = Font;
			sourceTree = "<group>";
		};
		7E10D9772CFC51E600B11046 /* Extension */ = {
			isa = PBXGroup;
			children = (
				7E10D9782CFC51F200B11046 /* UIFont+Ext.swift */,
				7EACAC202CFCB17C0094C61B /* UIView+Ext.swift */,
				7EACAC222CFCB6D70094C61B /* UIColor+Ext.swift */,
				7E30C36E2D05631E008581A3 /* Date+Ext.swift */,
				7E30C3702D056326008581A3 /* String+Ext.swift */,
				7E30C3722D056991008581A3 /* UIImage+Ext.swift */,
				7E6FF48A2D0DB77F007340FB /* Double+Ext.swift */,
			);
			path = Extension;
			sourceTree = "<group>";
		};
		7E10D97A2CFC53DE00B11046 /* Utility */ = {
			isa = PBXGroup;
			children = (
				7E10D97B2CFC53EE00B11046 /* CustomFontUtil.swift */,
			);
			path = Utility;
			sourceTree = "<group>";
		};
		7E23D8882CF9963500710336 = {
			isa = PBXGroup;
			children = (
				7E23D8932CF9963500710336 /* gramejia */,
				7E23D8922CF9963500710336 /* Products */,
			);
			sourceTree = "<group>";
		};
		7E23D8922CF9963500710336 /* Products */ = {
			isa = PBXGroup;
			children = (
				7E23D8912CF9963500710336 /* gramejia.app */,
			);
			name = Products;
			sourceTree = "<group>";
		};
		7E23D8932CF9963500710336 /* gramejia */ = {
			isa = PBXGroup;
			children = (
				7E10D9532CFC4A4E00B11046 /* Component */,
				7E10D92D2CFB61ED00B11046 /* Core */,
				7E10D92C2CF9AD9E00B11046 /* Module */,
				7E10D9292CF9996500B11046 /* Extension */,
				7E10D9232CF997AA00B11046 /* Entity */,
				7E10D9202CF9971B00B11046 /* Asset */,
				7E10D91F2CF9970D00B11046 /* StoryBoard */,
				7E10D91C2CF996E600B11046 /* Base */,
				7E23D8A22CF9963600710336 /* Info.plist */,
			);
			path = gramejia;
			sourceTree = "<group>";
		};
		7E30C35D2D047060008581A3 /* ImageField */ = {
			isa = PBXGroup;
			children = (
				7E30C35E2D047077008581A3 /* ImageFieldView.swift */,
				7E30C3622D0470AD008581A3 /* ImageFieldView.xib */,
			);
			path = ImageField;
			sourceTree = "<group>";
		};
		7E30C3782D057B9F008581A3 /* Cell */ = {
			isa = PBXGroup;
			children = (
				7E30C3792D057D4E008581A3 /* BookTableViewCell.swift */,
				7E30C37A2D057D4E008581A3 /* BookTableViewCell.xib */,
				7E3878662D0E05A900789955 /* BookCollectionViewCell.swift */,
				7E3878672D0E05A900789955 /* BookCollectionViewCell.xib */,
			);
			path = Cell;
			sourceTree = "<group>";
		};
		7E30C37D2D058788008581A3 /* TableView */ = {
			isa = PBXGroup;
			children = (
				7E30C37E2D058797008581A3 /* ContentSizedTableView.swift */,
			);
			path = TableView;
			sourceTree = "<group>";
		};
		7E38786A2D0EC2CB00789955 /* Preload */ = {
			isa = PBXGroup;
			children = (
				7E38786B2D0EC2D600789955 /* preload.json */,
			);
			path = Preload;
			sourceTree = "<group>";
		};
		7E38786F2D0F13E900789955 /* Cart */ = {
			isa = PBXGroup;
			children = (
				7E3878762D0F244600789955 /* Cell */,
				7E3878702D0F191700789955 /* CartViewController.swift */,
				7E3878722D0F1F8800789955 /* CartViewModel.swift */,
				7E3878742D0F1F9500789955 /* CartUseCase.swift */,
			);
			path = Cart;
			sourceTree = "<group>";
		};
		7E3878762D0F244600789955 /* Cell */ = {
			isa = PBXGroup;
			children = (
				7E3878772D0F246100789955 /* CartTableViewCell.swift */,
				7E3878782D0F246100789955 /* CartTableViewCell.xib */,
			);
			path = Cell;
			sourceTree = "<group>";
		};
		7E4DA6022D00ACCC00C5D7AC /* Home */ = {
			isa = PBXGroup;
			children = (
				7E30C3782D057B9F008581A3 /* Cell */,
				7E4DA6032D00ACF700C5D7AC /* HomeViewController.swift */,
				7E30C3742D057217008581A3 /* HomeViewModel.swift */,
				7E30C3762D057221008581A3 /* HomeUseCase.swift */,
			);
			path = Home;
			sourceTree = "<group>";
		};
		7E4DA6052D00AD2900C5D7AC /* Profile */ = {
			isa = PBXGroup;
			children = (
				7E4DA6062D00AD3500C5D7AC /* ProfileViewController.swift */,
				7E8417472D16741F00072AB7 /* ProfileViewModel.swift */,
				7E8417492D16742C00072AB7 /* ProfileUseCase.swift */,
			);
			path = Profile;
			sourceTree = "<group>";
		};
		7E66817F2D16EDD40093013B /* Empty */ = {
			isa = PBXGroup;
			children = (
				7E6681802D16EDE00093013B /* EmptyView.swift */,
				7E6681842D16EEF40093013B /* EmptyView.xib */,
			);
			path = Empty;
			sourceTree = "<group>";
		};
		7E6ADAD12D04229900BE222F /* Textview */ = {
			isa = PBXGroup;
			children = (
				7E6ADAD22D0424E000BE222F /* GeneralTextView.swift */,
				7E6ADAD42D0424FC00BE222F /* GeneralTextView.xib */,
			);
			path = Textview;
			sourceTree = "<group>";
		};
		7E6FF4832D0D6762007340FB /* ProductCounter */ = {
			isa = PBXGroup;
			children = (
				7E6FF4842D0D679E007340FB /* ProductCounterView.xib */,
				7E6FF4862D0D67AD007340FB /* ProductCounterView.swift */,
			);
			path = ProductCounter;
			sourceTree = "<group>";
		};
		7E7F8B272CFDF50E00B61544 /* Base */ = {
			isa = PBXGroup;
			children = (
				7E4DA5F82CFF5D8500C5D7AC /* BaseViewModel.swift */,
				7E7F8B282CFDF52700B61544 /* BaseViewController.swift */,
			);
			path = Base;
			sourceTree = "<group>";
		};
		7E7F8B2A2CFDFF7A00B61544 /* Loading */ = {
			isa = PBXGroup;
			children = (
				7E7F8B2B2CFDFF8500B61544 /* LoadingView.swift */,
			);
			path = Loading;
			sourceTree = "<group>";
		};
		7E7F8B302CFE017300B61544 /* Lottie */ = {
			isa = PBXGroup;
			children = (
				7E66817B2D16EDA40093013B /* empty.json */,
				7E30C3682D048304008581A3 /* add-image.json */,
				7E4DA5F42CFEE11000C5D7AC /* error.json */,
				7E7F8B312CFE018400B61544 /* loading.json */,
				7E4DA5FA2D00217400C5D7AC /* login.json */,
				7E4DA5FC2D00235B00C5D7AC /* register.json */,
			);
			path = Lottie;
			sourceTree = "<group>";
		};
		7E7F8B332CFE045700B61544 /* SnackBar */ = {
			isa = PBXGroup;
			children = (
				7E7F8B342CFE046200B61544 /* SnackBarView.swift */,
			);
			path = SnackBar;
			sourceTree = "<group>";
		};
		7E7F8B362CFE0AE500B61544 /* Popup */ = {
			isa = PBXGroup;
			children = (
				7E7F8B3B2CFEAD7200B61544 /* Delegate */,
				7E7F8B372CFE0B0400B61544 /* PopupViewController.swift */,
				7E7F8B382CFE0B0400B61544 /* PopupViewController.xib */,
			);
			path = Popup;
			sourceTree = "<group>";
		};
		7E7F8B3B2CFEAD7200B61544 /* Delegate */ = {
			isa = PBXGroup;
			children = (
				7E7F8B3C2CFEADA000B61544 /* PopupTransitionDelegate.swift */,
				7E7F8B3E2CFEB55D00B61544 /* PopupViewDelegate.swift */,
				7E4DA5F62CFEE6EA00C5D7AC /* PopupModel.swift */,
			);
			path = Delegate;
			sourceTree = "<group>";
		};
		7E84174D2D16A74A00072AB7 /* Topup */ = {
			isa = PBXGroup;
			children = (
				7E8417562D16B35C00072AB7 /* Cell */,
				7E8417502D16A7CC00072AB7 /* TopupViewController.swift */,
				7E8417522D16A7DC00072AB7 /* TopupViewModel.swift */,
				7E8417542D16A7E400072AB7 /* TopupUseCase.swift */,
			);
			path = Topup;
			sourceTree = "<group>";
		};
		7E8417562D16B35C00072AB7 /* Cell */ = {
			isa = PBXGroup;
			children = (
				7E8417572D16B37B00072AB7 /* DenomCollectionViewCell.swift */,
				7E8417582D16B37B00072AB7 /* DenomCollectionViewCell.xib */,
			);
			path = Cell;
			sourceTree = "<group>";
		};
		7E9778532D13F4B300030EC3 /* Cell */ = {
			isa = PBXGroup;
			children = (
				7E9778542D13F4E000030EC3 /* TransactionTableViewCell.swift */,
				7E9778552D13F4E000030EC3 /* TransactionTableViewCell.xib */,
			);
			path = Cell;
			sourceTree = "<group>";
		};
		7EB0EA792D09698F00579D9E /* DetailBook */ = {
			isa = PBXGroup;
			children = (
				7EB0EA7C2D09751D00579D9E /* DetailInfoBook */,
				7EB0EA7A2D096A6100579D9E /* DetailBookViewController.swift */,
				7E6FF4882D0DB566007340FB /* DetailBookViewModel.swift */,
				7E7900C62D108ED800920E67 /* DetailBookUseCase.swift */,
			);
			path = DetailBook;
			sourceTree = "<group>";
		};
		7EB0EA7C2D09751D00579D9E /* DetailInfoBook */ = {
			isa = PBXGroup;
			children = (
				7EB0EA7D2D09752F00579D9E /* DetailInfoBookViewController.swift */,
			);
			path = DetailInfoBook;
			sourceTree = "<group>";
		};
		7EB100552D126AF700257511 /* Transaction */ = {
			isa = PBXGroup;
			children = (
				7E9778532D13F4B300030EC3 /* Cell */,
				7EB100562D126B0E00257511 /* TransactionViewModel.swift */,
				7EB100582D126B1B00257511 /* TransactionUseCase.swift */,
				7EB1005A2D126B3800257511 /* TransactionViewController.swift */,
			);
			path = Transaction;
			sourceTree = "<group>";
		};
		7EE0A6B22CFCCE7B000BDEBF /* Textfield */ = {
			isa = PBXGroup;
			children = (
				7EACAC1C2CFC8A250094C61B /* GeneralTextFieldView.swift */,
				7EACAC1E2CFC8A330094C61B /* GeneralTextFieldView.xib */,
				7EE0A6B32CFCCE8F000BDEBF /* PasswordTextField.swift */,
			);
			path = Textfield;
			sourceTree = "<group>";
		};
		7EE0A6B52CFCDB77000BDEBF /* Button */ = {
			isa = PBXGroup;
			children = (
				7EE0A6B62CFCDB81000BDEBF /* MainActionButton.swift */,
				7EE0A6C52CFD7FF7000BDEBF /* ImageActionButton.swift */,
			);
			path = Button;
			sourceTree = "<group>";
		};
		7EE0A6B82CFCE796000BDEBF /* Register */ = {
			isa = PBXGroup;
			children = (
				7EE0A6B92CFCE7A9000BDEBF /* RegisterViewModel.swift */,
				7EE0A6BB2CFCE7BC000BDEBF /* RegisterViewController.swift */,
				7E8652FB2CFDCF4500EBF68B /* RegisterUseCase.swift */,
			);
			path = Register;
			sourceTree = "<group>";
		};
		7EE0A6BD2CFD48D4000BDEBF /* NavigationController */ = {
			isa = PBXGroup;
			children = (
				7EE0A6BE2CFD48F4000BDEBF /* MainNavigationController.swift */,
			);
			path = NavigationController;
			sourceTree = "<group>";
		};
/* End PBXGroup section */

/* Begin PBXNativeTarget section */
		7E23D8902CF9963500710336 /* gramejia */ = {
			isa = PBXNativeTarget;
			buildConfigurationList = 7E23D8A52CF9963600710336 /* Build configuration list for PBXNativeTarget "gramejia" */;
			buildPhases = (
				7E23D88D2CF9963500710336 /* Sources */,
				7E23D88E2CF9963500710336 /* Frameworks */,
				7E23D88F2CF9963500710336 /* Resources */,
			);
			buildRules = (
			);
			dependencies = (
			);
			name = gramejia;
			packageProductDependencies = (
				7E7F8B2E2CFE006400B61544 /* Lottie */,
			);
			productName = gramejia;
			productReference = 7E23D8912CF9963500710336 /* gramejia.app */;
			productType = "com.apple.product-type.application";
		};
/* End PBXNativeTarget section */

/* Begin PBXProject section */
		7E23D8892CF9963500710336 /* Project object */ = {
			isa = PBXProject;
			attributes = {
				BuildIndependentTargetsInParallel = 1;
				LastSwiftUpdateCheck = 1540;
				LastUpgradeCheck = 1540;
				TargetAttributes = {
					7E23D8902CF9963500710336 = {
						CreatedOnToolsVersion = 15.4;
					};
				};
			};
			buildConfigurationList = 7E23D88C2CF9963500710336 /* Build configuration list for PBXProject "gramejia" */;
			compatibilityVersion = "Xcode 14.0";
			developmentRegion = en;
			hasScannedForEncodings = 0;
			knownRegions = (
				en,
				Base,
			);
			mainGroup = 7E23D8882CF9963500710336;
			packageReferences = (
				7E7F8B2D2CFE006400B61544 /* XCRemoteSwiftPackageReference "lottie-spm" */,
			);
			productRefGroup = 7E23D8922CF9963500710336 /* Products */;
			projectDirPath = "";
			projectRoot = "";
			targets = (
				7E23D8902CF9963500710336 /* gramejia */,
			);
		};
/* End PBXProject section */

/* Begin PBXResourcesBuildPhase section */
		7E23D88F2CF9963500710336 /* Resources */ = {
			isa = PBXResourcesBuildPhase;
			buildActionMask = 2147483647;
			files = (
				7E10D96F2CFC4F8000B11046 /* Nunito-MediumItalic.ttf in Resources */,
				7E23D89E2CF9963600710336 /* Assets.xcassets in Resources */,
				7E10D96D2CFC4F8000B11046 /* Nunito-Italic.ttf in Resources */,
				7E3878692D0E05A900789955 /* BookCollectionViewCell.xib in Resources */,
				7E10D9732CFC4F8000B11046 /* Nunito-Black.ttf in Resources */,
				7E30C3632D0470AD008581A3 /* ImageFieldView.xib in Resources */,
				7E6681852D16EEF40093013B /* EmptyView.xib in Resources */,
				7E6ADAD52D0424FC00BE222F /* GeneralTextView.xib in Resources */,
				7E10D9682CFC4F8000B11046 /* Nunito-ExtraLightItalic.ttf in Resources */,
				7E10D9692CFC4F8000B11046 /* Nunito-Light.ttf in Resources */,
				7E10D9752CFC4F8000B11046 /* Nunito-Regular.ttf in Resources */,
				7E10D96C2CFC4F8000B11046 /* Nunito-SemiBold.ttf in Resources */,
				7E23D8A12CF9963600710336 /* Base in Resources */,
				7E10D96E2CFC4F8000B11046 /* Nunito-BlackItalic.ttf in Resources */,
				7E84175A2D16B37B00072AB7 /* DenomCollectionViewCell.xib in Resources */,
				7E10D9712CFC4F8000B11046 /* Nunito-SemiBoldItalic.ttf in Resources */,
				7E4DA5FB2D00217400C5D7AC /* login.json in Resources */,
				7E7F8B322CFE018400B61544 /* loading.json in Resources */,
				7E30C37C2D057D4E008581A3 /* BookTableViewCell.xib in Resources */,
				7E66817C2D16EDA40093013B /* empty.json in Resources */,
				7E4DA5F52CFEE11000C5D7AC /* error.json in Resources */,
				7E38787A2D0F246100789955 /* CartTableViewCell.xib in Resources */,
				7E10D9762CFC4F8000B11046 /* Nunito-ExtraLight.ttf in Resources */,
				7E7F8B3A2CFE0B0400B61544 /* PopupViewController.xib in Resources */,
				7E10D96A2CFC4F8000B11046 /* Nunito-LightItalic.ttf in Resources */,
				7E10D9672CFC4F8000B11046 /* Nunito-BoldItalic.ttf in Resources */,
				7E10D9702CFC4F8000B11046 /* Nunito-ExtraBoldItalic.ttf in Resources */,
				7E10D9742CFC4F8000B11046 /* Nunito-Medium.ttf in Resources */,
				7E10D9722CFC4F8000B11046 /* Nunito-ExtraBold.ttf in Resources */,
				7E9778572D13F4E000030EC3 /* TransactionTableViewCell.xib in Resources */,
				7E10D96B2CFC4F8000B11046 /* Nunito-Bold.ttf in Resources */,
				7E23D89C2CF9963500710336 /* Base in Resources */,
				7E38786C2D0EC2D600789955 /* preload.json in Resources */,
				7EACAC1F2CFC8A330094C61B /* GeneralTextFieldView.xib in Resources */,
				7E6FF4852D0D679E007340FB /* ProductCounterView.xib in Resources */,
				7E4DA5FD2D00235C00C5D7AC /* register.json in Resources */,
				7E30C3692D048304008581A3 /* add-image.json in Resources */,
			);
			runOnlyForDeploymentPostprocessing = 0;
		};
/* End PBXResourcesBuildPhase section */

/* Begin PBXSourcesBuildPhase section */
		7E23D88D2CF9963500710336 /* Sources */ = {
			isa = PBXSourcesBuildPhase;
			buildActionMask = 2147483647;
			files = (
				7E7F8B352CFE046200B61544 /* SnackBarView.swift in Sources */,
				7E3878792D0F246100789955 /* CartTableViewCell.swift in Sources */,
				7E10D9362CFB693400B11046 /* BookMapper.swift in Sources */,
				7E30C3712D056326008581A3 /* String+Ext.swift in Sources */,
				7EB100572D126B0E00257511 /* TransactionViewModel.swift in Sources */,
				7E3878682D0E05A900789955 /* BookCollectionViewCell.swift in Sources */,
				7E10D9402CFB783300B11046 /* AddBookViewModel.swift in Sources */,
				7EE0A6CC2CFDC1FD000BDEBF /* CustomerMapper.swift in Sources */,
				7E38787C2D0F4BFD00789955 /* CartMapper.swift in Sources */,
				7E84174C2D169E2D00072AB7 /* UserProfileModel.swift in Sources */,
				7E10D92B2CF9996E00B11046 /* Error+Ext.swift in Sources */,
				7E7F8B292CFDF52700B61544 /* BaseViewController.swift in Sources */,
				7E363B892D11C7CC007D4837 /* TransactionItemModel.swift in Sources */,
				7E7F8B2C2CFDFF8500B61544 /* LoadingView.swift in Sources */,
				7EE0A6BC2CFCE7BC000BDEBF /* RegisterViewController.swift in Sources */,
				7E3878752D0F1F9500789955 /* CartUseCase.swift in Sources */,
				7E30C3732D056991008581A3 /* UIImage+Ext.swift in Sources */,
				7E6FF4892D0DB566007340FB /* DetailBookViewModel.swift in Sources */,
				7EACAC1D2CFC8A250094C61B /* GeneralTextFieldView.swift in Sources */,
				7E10D9422CFB787600B11046 /* AddBookUseCase.swift in Sources */,
				7E4DA6012D0035F200C5D7AC /* AdminMapper.swift in Sources */,
				7E4DA6042D00ACF700C5D7AC /* HomeViewController.swift in Sources */,
				7E4DA5FF2D00355500C5D7AC /* AdminModel.swift in Sources */,
				7E10D93E2CFB782300B11046 /* AddBookViewController.swift in Sources */,
				7EACAC212CFCB17C0094C61B /* UIView+Ext.swift in Sources */,
				7E6FF48B2D0DB77F007340FB /* Double+Ext.swift in Sources */,
				7E6681812D16EDE00093013B /* EmptyView.swift in Sources */,
				7E363B8F2D1263D5007D4837 /* TransactionRepository.swift in Sources */,
				7EB100592D126B1B00257511 /* TransactionUseCase.swift in Sources */,
				7E6FF4872D0D67AD007340FB /* ProductCounterView.swift in Sources */,
				7E30C37B2D057D4E008581A3 /* BookTableViewCell.swift in Sources */,
				7E10D9262CF997BB00B11046 /* gramejia.xcdatamodeld in Sources */,
				7E10D9502CFC41A100B11046 /* LoginViewModel.swift in Sources */,
				7E7900C72D108ED800920E67 /* DetailBookUseCase.swift in Sources */,
				7E30C3752D057217008581A3 /* HomeViewModel.swift in Sources */,
				7E10D9792CFC51F200B11046 /* UIFont+Ext.swift in Sources */,
				7EB0EA7E2D09752F00579D9E /* DetailInfoBookViewController.swift in Sources */,
				7E6ADAD32D0424E000BE222F /* GeneralTextView.swift in Sources */,
				7E4DA6072D00AD3500C5D7AC /* ProfileViewController.swift in Sources */,
				7E23D8952CF9963500710336 /* AppDelegate.swift in Sources */,
				7E4DA5F72CFEE6EA00C5D7AC /* PopupModel.swift in Sources */,
				7E8417482D16741F00072AB7 /* ProfileViewModel.swift in Sources */,
				7E8417512D16A7CC00072AB7 /* TopupViewController.swift in Sources */,
				7EE0A6C62CFD7FF7000BDEBF /* ImageActionButton.swift in Sources */,
				7EE0A6CA2CFDBFCC000BDEBF /* AuthenticationRepository.swift in Sources */,
				7E10D97C2CFC53EE00B11046 /* CustomFontUtil.swift in Sources */,
				7E7F8B392CFE0B0400B61544 /* PopupViewController.swift in Sources */,
				7E8417592D16B37B00072AB7 /* DenomCollectionViewCell.swift in Sources */,
				7E30C3772D057221008581A3 /* HomeUseCase.swift in Sources */,
				7E3878732D0F1F8800789955 /* CartViewModel.swift in Sources */,
				7E10D9392CFB76FD00B11046 /* Injection.swift in Sources */,
				7E30C36F2D05631E008581A3 /* Date+Ext.swift in Sources */,
				7E30C37F2D058797008581A3 /* ContentSizedTableView.swift in Sources */,
				7E3878802D0F4EAA00789955 /* CartRepository.swift in Sources */,
				7E10D9282CF9990500B11046 /* CoreDataManager.swift in Sources */,
				7E8652FC2CFDCF4500EBF68B /* RegisterUseCase.swift in Sources */,
				7E10D9302CFB638200B11046 /* BookRepository.swift in Sources */,
				7E9778562D13F4E000030EC3 /* TransactionTableViewCell.swift in Sources */,
				7E38786E2D0EFE3300789955 /* UserdefaultManager.swift in Sources */,
				7E30C35F2D047077008581A3 /* ImageFieldView.swift in Sources */,
				7E10D9332CFB64D400B11046 /* BookModel.swift in Sources */,
				7E10D94E2CFC419800B11046 /* LoginViewController.swift in Sources */,
				7E363B8B2D11F5A4007D4837 /* TransactionModel.swift in Sources */,
				7EE0A6B42CFCCE8F000BDEBF /* PasswordTextField.swift in Sources */,
				7E8417552D16A7E400072AB7 /* TopupUseCase.swift in Sources */,
				7E8417532D16A7DC00072AB7 /* TopupViewModel.swift in Sources */,
				7EACAC232CFCB6D70094C61B /* UIColor+Ext.swift in Sources */,
				7EE0A6BF2CFD48F4000BDEBF /* MainNavigationController.swift in Sources */,
				7EB1005B2D126B3800257511 /* TransactionViewController.swift in Sources */,
				7EE0A6B72CFCDB81000BDEBF /* MainActionButton.swift in Sources */,
				7E363B8D2D11F658007D4837 /* TransactionMapper.swift in Sources */,
				7E23D8972CF9963500710336 /* SceneDelegate.swift in Sources */,
				7E10D9522CFC41AA00B11046 /* LoginUseCase.swift in Sources */,
				7E38787E2D0F4C4E00789955 /* CartItemModel.swift in Sources */,
				7E3878712D0F191700789955 /* CartViewController.swift in Sources */,
				7E4DA5F92CFF5D8500C5D7AC /* BaseViewModel.swift in Sources */,
				7E7F8B3F2CFEB55D00B61544 /* PopupViewDelegate.swift in Sources */,
				7EE0A6C82CFDBF50000BDEBF /* CustomerModel.swift in Sources */,
				7E7F8B3D2CFEADA000B61544 /* PopupTransitionDelegate.swift in Sources */,
				7E84174A2D16742C00072AB7 /* ProfileUseCase.swift in Sources */,
				7EB0EA7B2D096A6100579D9E /* DetailBookViewController.swift in Sources */,
				7EE0A6BA2CFCE7A9000BDEBF /* RegisterViewModel.swift in Sources */,
			);
			runOnlyForDeploymentPostprocessing = 0;
		};
/* End PBXSourcesBuildPhase section */

/* Begin PBXVariantGroup section */
		7E23D89A2CF9963500710336 /* Main.storyboard */ = {
			isa = PBXVariantGroup;
			children = (
				7E23D89B2CF9963500710336 /* Base */,
			);
			name = Main.storyboard;
			sourceTree = "<group>";
		};
		7E23D89F2CF9963600710336 /* LaunchScreen.storyboard */ = {
			isa = PBXVariantGroup;
			children = (
				7E23D8A02CF9963600710336 /* Base */,
			);
			name = LaunchScreen.storyboard;
			sourceTree = "<group>";
		};
/* End PBXVariantGroup section */

/* Begin XCBuildConfiguration section */
		7E23D8A32CF9963600710336 /* Debug */ = {
			isa = XCBuildConfiguration;
			buildSettings = {
				ALWAYS_SEARCH_USER_PATHS = NO;
				ASSETCATALOG_COMPILER_GENERATE_SWIFT_ASSET_SYMBOL_EXTENSIONS = YES;
				CLANG_ANALYZER_NONNULL = YES;
				CLANG_ANALYZER_NUMBER_OBJECT_CONVERSION = YES_AGGRESSIVE;
				CLANG_CXX_LANGUAGE_STANDARD = "gnu++20";
				CLANG_ENABLE_MODULES = YES;
				CLANG_ENABLE_OBJC_ARC = YES;
				CLANG_ENABLE_OBJC_WEAK = YES;
				CLANG_WARN_BLOCK_CAPTURE_AUTORELEASING = YES;
				CLANG_WARN_BOOL_CONVERSION = YES;
				CLANG_WARN_COMMA = YES;
				CLANG_WARN_CONSTANT_CONVERSION = YES;
				CLANG_WARN_DEPRECATED_OBJC_IMPLEMENTATIONS = YES;
				CLANG_WARN_DIRECT_OBJC_ISA_USAGE = YES_ERROR;
				CLANG_WARN_DOCUMENTATION_COMMENTS = YES;
				CLANG_WARN_EMPTY_BODY = YES;
				CLANG_WARN_ENUM_CONVERSION = YES;
				CLANG_WARN_INFINITE_RECURSION = YES;
				CLANG_WARN_INT_CONVERSION = YES;
				CLANG_WARN_NON_LITERAL_NULL_CONVERSION = YES;
				CLANG_WARN_OBJC_IMPLICIT_RETAIN_SELF = YES;
				CLANG_WARN_OBJC_LITERAL_CONVERSION = YES;
				CLANG_WARN_OBJC_ROOT_CLASS = YES_ERROR;
				CLANG_WARN_QUOTED_INCLUDE_IN_FRAMEWORK_HEADER = YES;
				CLANG_WARN_RANGE_LOOP_ANALYSIS = YES;
				CLANG_WARN_STRICT_PROTOTYPES = YES;
				CLANG_WARN_SUSPICIOUS_MOVE = YES;
				CLANG_WARN_UNGUARDED_AVAILABILITY = YES_AGGRESSIVE;
				CLANG_WARN_UNREACHABLE_CODE = YES;
				CLANG_WARN__DUPLICATE_METHOD_MATCH = YES;
				COPY_PHASE_STRIP = NO;
				DEBUG_INFORMATION_FORMAT = dwarf;
				ENABLE_STRICT_OBJC_MSGSEND = YES;
				ENABLE_TESTABILITY = YES;
				ENABLE_USER_SCRIPT_SANDBOXING = YES;
				GCC_C_LANGUAGE_STANDARD = gnu17;
				GCC_DYNAMIC_NO_PIC = NO;
				GCC_NO_COMMON_BLOCKS = YES;
				GCC_OPTIMIZATION_LEVEL = 0;
				GCC_PREPROCESSOR_DEFINITIONS = (
					"DEBUG=1",
					"$(inherited)",
				);
				GCC_WARN_64_TO_32_BIT_CONVERSION = YES;
				GCC_WARN_ABOUT_RETURN_TYPE = YES_ERROR;
				GCC_WARN_UNDECLARED_SELECTOR = YES;
				GCC_WARN_UNINITIALIZED_AUTOS = YES_AGGRESSIVE;
				GCC_WARN_UNUSED_FUNCTION = YES;
				GCC_WARN_UNUSED_VARIABLE = YES;
				IPHONEOS_DEPLOYMENT_TARGET = 17.0;
				LOCALIZATION_PREFERS_STRING_CATALOGS = YES;
				MTL_ENABLE_DEBUG_INFO = INCLUDE_SOURCE;
				MTL_FAST_MATH = YES;
				ONLY_ACTIVE_ARCH = YES;
				SDKROOT = iphoneos;
				SWIFT_ACTIVE_COMPILATION_CONDITIONS = "DEBUG $(inherited)";
				SWIFT_OPTIMIZATION_LEVEL = "-Onone";
			};
			name = Debug;
		};
		7E23D8A42CF9963600710336 /* Release */ = {
			isa = XCBuildConfiguration;
			buildSettings = {
				ALWAYS_SEARCH_USER_PATHS = NO;
				ASSETCATALOG_COMPILER_GENERATE_SWIFT_ASSET_SYMBOL_EXTENSIONS = YES;
				CLANG_ANALYZER_NONNULL = YES;
				CLANG_ANALYZER_NUMBER_OBJECT_CONVERSION = YES_AGGRESSIVE;
				CLANG_CXX_LANGUAGE_STANDARD = "gnu++20";
				CLANG_ENABLE_MODULES = YES;
				CLANG_ENABLE_OBJC_ARC = YES;
				CLANG_ENABLE_OBJC_WEAK = YES;
				CLANG_WARN_BLOCK_CAPTURE_AUTORELEASING = YES;
				CLANG_WARN_BOOL_CONVERSION = YES;
				CLANG_WARN_COMMA = YES;
				CLANG_WARN_CONSTANT_CONVERSION = YES;
				CLANG_WARN_DEPRECATED_OBJC_IMPLEMENTATIONS = YES;
				CLANG_WARN_DIRECT_OBJC_ISA_USAGE = YES_ERROR;
				CLANG_WARN_DOCUMENTATION_COMMENTS = YES;
				CLANG_WARN_EMPTY_BODY = YES;
				CLANG_WARN_ENUM_CONVERSION = YES;
				CLANG_WARN_INFINITE_RECURSION = YES;
				CLANG_WARN_INT_CONVERSION = YES;
				CLANG_WARN_NON_LITERAL_NULL_CONVERSION = YES;
				CLANG_WARN_OBJC_IMPLICIT_RETAIN_SELF = YES;
				CLANG_WARN_OBJC_LITERAL_CONVERSION = YES;
				CLANG_WARN_OBJC_ROOT_CLASS = YES_ERROR;
				CLANG_WARN_QUOTED_INCLUDE_IN_FRAMEWORK_HEADER = YES;
				CLANG_WARN_RANGE_LOOP_ANALYSIS = YES;
				CLANG_WARN_STRICT_PROTOTYPES = YES;
				CLANG_WARN_SUSPICIOUS_MOVE = YES;
				CLANG_WARN_UNGUARDED_AVAILABILITY = YES_AGGRESSIVE;
				CLANG_WARN_UNREACHABLE_CODE = YES;
				CLANG_WARN__DUPLICATE_METHOD_MATCH = YES;
				COPY_PHASE_STRIP = NO;
				DEBUG_INFORMATION_FORMAT = "dwarf-with-dsym";
				ENABLE_NS_ASSERTIONS = NO;
				ENABLE_STRICT_OBJC_MSGSEND = YES;
				ENABLE_USER_SCRIPT_SANDBOXING = YES;
				GCC_C_LANGUAGE_STANDARD = gnu17;
				GCC_NO_COMMON_BLOCKS = YES;
				GCC_WARN_64_TO_32_BIT_CONVERSION = YES;
				GCC_WARN_ABOUT_RETURN_TYPE = YES_ERROR;
				GCC_WARN_UNDECLARED_SELECTOR = YES;
				GCC_WARN_UNINITIALIZED_AUTOS = YES_AGGRESSIVE;
				GCC_WARN_UNUSED_FUNCTION = YES;
				GCC_WARN_UNUSED_VARIABLE = YES;
				IPHONEOS_DEPLOYMENT_TARGET = 17.0;
				LOCALIZATION_PREFERS_STRING_CATALOGS = YES;
				MTL_ENABLE_DEBUG_INFO = NO;
				MTL_FAST_MATH = YES;
				SDKROOT = iphoneos;
				SWIFT_COMPILATION_MODE = wholemodule;
				VALIDATE_PRODUCT = YES;
			};
			name = Release;
		};
		7E23D8A62CF9963600710336 /* Debug */ = {
			isa = XCBuildConfiguration;
			buildSettings = {
				ASSETCATALOG_COMPILER_APPICON_NAME = AppIcon;
				ASSETCATALOG_COMPILER_GLOBAL_ACCENT_COLOR_NAME = AccentColor;
				CODE_SIGN_STYLE = Automatic;
				CURRENT_PROJECT_VERSION = 1;
				DEVELOPMENT_TEAM = 3F8C4P2T95;
				GENERATE_INFOPLIST_FILE = YES;
				INFOPLIST_FILE = gramejia/Info.plist;
				INFOPLIST_KEY_CFBundleDisplayName = Gramejia;
				INFOPLIST_KEY_UIApplicationSupportsIndirectInputEvents = YES;
				INFOPLIST_KEY_UILaunchStoryboardName = LaunchScreen;
				INFOPLIST_KEY_UIMainStoryboardFile = Main;
				INFOPLIST_KEY_UISupportedInterfaceOrientations_iPad = "UIInterfaceOrientationPortrait UIInterfaceOrientationPortraitUpsideDown UIInterfaceOrientationLandscapeLeft UIInterfaceOrientationLandscapeRight";
				INFOPLIST_KEY_UISupportedInterfaceOrientations_iPhone = "UIInterfaceOrientationPortrait UIInterfaceOrientationLandscapeLeft UIInterfaceOrientationLandscapeRight";
				IPHONEOS_DEPLOYMENT_TARGET = 17.0;
				LD_RUNPATH_SEARCH_PATHS = (
					"$(inherited)",
					"@executable_path/Frameworks",
				);
				MARKETING_VERSION = 1.0;
				PRODUCT_BUNDLE_IDENTIFIER = com.adamdev.gramejia;
				PRODUCT_NAME = "$(TARGET_NAME)";
				SWIFT_EMIT_LOC_STRINGS = YES;
				SWIFT_VERSION = 5.0;
				TARGETED_DEVICE_FAMILY = "1,2";
			};
			name = Debug;
		};
		7E23D8A72CF9963600710336 /* Release */ = {
			isa = XCBuildConfiguration;
			buildSettings = {
				ASSETCATALOG_COMPILER_APPICON_NAME = AppIcon;
				ASSETCATALOG_COMPILER_GLOBAL_ACCENT_COLOR_NAME = AccentColor;
				CODE_SIGN_STYLE = Automatic;
				CURRENT_PROJECT_VERSION = 1;
				DEVELOPMENT_TEAM = 3F8C4P2T95;
				GENERATE_INFOPLIST_FILE = YES;
				INFOPLIST_FILE = gramejia/Info.plist;
				INFOPLIST_KEY_CFBundleDisplayName = Gramejia;
				INFOPLIST_KEY_UIApplicationSupportsIndirectInputEvents = YES;
				INFOPLIST_KEY_UILaunchStoryboardName = LaunchScreen;
				INFOPLIST_KEY_UIMainStoryboardFile = Main;
				INFOPLIST_KEY_UISupportedInterfaceOrientations_iPad = "UIInterfaceOrientationPortrait UIInterfaceOrientationPortraitUpsideDown UIInterfaceOrientationLandscapeLeft UIInterfaceOrientationLandscapeRight";
				INFOPLIST_KEY_UISupportedInterfaceOrientations_iPhone = "UIInterfaceOrientationPortrait UIInterfaceOrientationLandscapeLeft UIInterfaceOrientationLandscapeRight";
				IPHONEOS_DEPLOYMENT_TARGET = 17.0;
				LD_RUNPATH_SEARCH_PATHS = (
					"$(inherited)",
					"@executable_path/Frameworks",
				);
				MARKETING_VERSION = 1.0;
				PRODUCT_BUNDLE_IDENTIFIER = com.adamdev.gramejia;
				PRODUCT_NAME = "$(TARGET_NAME)";
				SWIFT_EMIT_LOC_STRINGS = YES;
				SWIFT_VERSION = 5.0;
				TARGETED_DEVICE_FAMILY = "1,2";
			};
			name = Release;
		};
/* End XCBuildConfiguration section */

/* Begin XCConfigurationList section */
		7E23D88C2CF9963500710336 /* Build configuration list for PBXProject "gramejia" */ = {
			isa = XCConfigurationList;
			buildConfigurations = (
				7E23D8A32CF9963600710336 /* Debug */,
				7E23D8A42CF9963600710336 /* Release */,
			);
			defaultConfigurationIsVisible = 0;
			defaultConfigurationName = Release;
		};
		7E23D8A52CF9963600710336 /* Build configuration list for PBXNativeTarget "gramejia" */ = {
			isa = XCConfigurationList;
			buildConfigurations = (
				7E23D8A62CF9963600710336 /* Debug */,
				7E23D8A72CF9963600710336 /* Release */,
			);
			defaultConfigurationIsVisible = 0;
			defaultConfigurationName = Release;
		};
/* End XCConfigurationList section */

/* Begin XCRemoteSwiftPackageReference section */
		7E7F8B2D2CFE006400B61544 /* XCRemoteSwiftPackageReference "lottie-spm" */ = {
			isa = XCRemoteSwiftPackageReference;
			repositoryURL = "https://github.com/airbnb/lottie-spm.git";
			requirement = {
				kind = upToNextMajorVersion;
				minimumVersion = 4.5.0;
			};
		};
/* End XCRemoteSwiftPackageReference section */

/* Begin XCSwiftPackageProductDependency section */
		7E7F8B2E2CFE006400B61544 /* Lottie */ = {
			isa = XCSwiftPackageProductDependency;
			package = 7E7F8B2D2CFE006400B61544 /* XCRemoteSwiftPackageReference "lottie-spm" */;
			productName = Lottie;
		};
/* End XCSwiftPackageProductDependency section */

/* Begin XCVersionGroup section */
		7E10D9242CF997BB00B11046 /* gramejia.xcdatamodeld */ = {
			isa = XCVersionGroup;
			children = (
				7E10D9252CF997BB00B11046 /* gramejia.xcdatamodel */,
			);
			currentVersion = 7E10D9252CF997BB00B11046 /* gramejia.xcdatamodel */;
			name = gramejia.xcdatamodeld;
			path = "/Users/rivaldofez/Projects/PaidProject/AppleProject/gramejia-project/gramejia/Entity/gramejia.xcdatamodeld";
			sourceTree = "<group>";
			versionGroupType = wrapper.xcdatamodel;
		};
/* End XCVersionGroup section */
	};
	rootObject = 7E23D8892CF9963500710336 /* Project object */;
}
