// !$*UTF8*$!
{
	archiveVersion = 1;
	classes = {
	};
	objectVersion = 56;
	objects = {

/* Begin PBXBuildFile section */
		7E10D9262CF997BB00B11046 /* gramejia.xcdatamodeld in Sources */ = {isa = PBXBuildFile; fileRef = 7E10D9242CF997BB00B11046 /* gramejia.xcdatamodeld */; };
		7E10D9282CF9990500B11046 /* CoreDataManager.swift in Sources */ = {isa = PBXBuildFile; fileRef = 7E10D9272CF9990500B11046 /* CoreDataManager.swift */; };
		7E10D92B2CF9996E00B11046 /* Error+Ext.swift in Sources */ = {isa = PBXBuildFile; fileRef = 7E10D92A2CF9996E00B11046 /* Error+Ext.swift */; };
		7E10D9302CFB638200B11046 /* BookRepository.swift in Sources */ = {isa = PBXBuildFile; fileRef = 7E10D92F2CFB638200B11046 /* BookRepository.swift */; };
		7E10D9332CFB64D400B11046 /* BookModel.swift in Sources */ = {isa = PBXBuildFile; fileRef = 7E10D9322CFB64D400B11046 /* BookModel.swift */; };
		7E10D9362CFB693400B11046 /* BookMapper.swift in Sources */ = {isa = PBXBuildFile; fileRef = 7E10D9352CFB693400B11046 /* BookMapper.swift */; };
		7E10D9392CFB76FD00B11046 /* Injection.swift in Sources */ = {isa = PBXBuildFile; fileRef = 7E10D9382CFB76FD00B11046 /* Injection.swift */; };
		7E10D93E2CFB782300B11046 /* AddBookViewController.swift in Sources */ = {isa = PBXBuildFile; fileRef = 7E10D93D2CFB782300B11046 /* AddBookViewController.swift */; };
		7E10D9402CFB783300B11046 /* AddBookViewModel.swift in Sources */ = {isa = PBXBuildFile; fileRef = 7E10D93F2CFB783300B11046 /* AddBookViewModel.swift */; };
		7E10D9422CFB787600B11046 /* AddBookUseCase.swift in Sources */ = {isa = PBXBuildFile; fileRef = 7E10D9412CFB787600B11046 /* AddBookUseCase.swift */; };
		7E10D94E2CFC419800B11046 /* LoginViewController.swift in Sources */ = {isa = PBXBuildFile; fileRef = 7E10D94D2CFC419800B11046 /* LoginViewController.swift */; };
		7E10D9502CFC41A100B11046 /* LoginViewModel.swift in Sources */ = {isa = PBXBuildFile; fileRef = 7E10D94F2CFC41A100B11046 /* LoginViewModel.swift */; };
		7E10D9522CFC41AA00B11046 /* LoginUseCase.swift in Sources */ = {isa = PBXBuildFile; fileRef = 7E10D9512CFC41AA00B11046 /* LoginUseCase.swift */; };
		7E10D9672CFC4F8000B11046 /* Nunito-BoldItalic.ttf in Resources */ = {isa = PBXBuildFile; fileRef = 7E10D9572CFC4F7F00B11046 /* Nunito-BoldItalic.ttf */; };
		7E10D9682CFC4F8000B11046 /* Nunito-ExtraLightItalic.ttf in Resources */ = {isa = PBXBuildFile; fileRef = 7E10D9582CFC4F7F00B11046 /* Nunito-ExtraLightItalic.ttf */; };
		7E10D9692CFC4F8000B11046 /* Nunito-Light.ttf in Resources */ = {isa = PBXBuildFile; fileRef = 7E10D9592CFC4F7F00B11046 /* Nunito-Light.ttf */; };
		7E10D96A2CFC4F8000B11046 /* Nunito-LightItalic.ttf in Resources */ = {isa = PBXBuildFile; fileRef = 7E10D95A2CFC4F7F00B11046 /* Nunito-LightItalic.ttf */; };
		7E10D96B2CFC4F8000B11046 /* Nunito-Bold.ttf in Resources */ = {isa = PBXBuildFile; fileRef = 7E10D95B2CFC4F7F00B11046 /* Nunito-Bold.ttf */; };
		7E10D96C2CFC4F8000B11046 /* Nunito-SemiBold.ttf in Resources */ = {isa = PBXBuildFile; fileRef = 7E10D95C2CFC4F7F00B11046 /* Nunito-SemiBold.ttf */; };
		7E10D96D2CFC4F8000B11046 /* Nunito-Italic.ttf in Resources */ = {isa = PBXBuildFile; fileRef = 7E10D95D2CFC4F7F00B11046 /* Nunito-Italic.ttf */; };
		7E10D96E2CFC4F8000B11046 /* Nunito-BlackItalic.ttf in Resources */ = {isa = PBXBuildFile; fileRef = 7E10D95E2CFC4F7F00B11046 /* Nunito-BlackItalic.ttf */; };
		7E10D96F2CFC4F8000B11046 /* Nunito-MediumItalic.ttf in Resources */ = {isa = PBXBuildFile; fileRef = 7E10D95F2CFC4F7F00B11046 /* Nunito-MediumItalic.ttf */; };
		7E10D9702CFC4F8000B11046 /* Nunito-ExtraBoldItalic.ttf in Resources */ = {isa = PBXBuildFile; fileRef = 7E10D9602CFC4F8000B11046 /* Nunito-ExtraBoldItalic.ttf */; };
		7E10D9712CFC4F8000B11046 /* Nunito-SemiBoldItalic.ttf in Resources */ = {isa = PBXBuildFile; fileRef = 7E10D9612CFC4F8000B11046 /* Nunito-SemiBoldItalic.ttf */; };
		7E10D9722CFC4F8000B11046 /* Nunito-ExtraBold.ttf in Resources */ = {isa = PBXBuildFile; fileRef = 7E10D9622CFC4F8000B11046 /* Nunito-ExtraBold.ttf */; };
		7E10D9732CFC4F8000B11046 /* Nunito-Black.ttf in Resources */ = {isa = PBXBuildFile; fileRef = 7E10D9632CFC4F8000B11046 /* Nunito-Black.ttf */; };
		7E10D9742CFC4F8000B11046 /* Nunito-Medium.ttf in Resources */ = {isa = PBXBuildFile; fileRef = 7E10D9642CFC4F8000B11046 /* Nunito-Medium.ttf */; };
		7E10D9752CFC4F8000B11046 /* Nunito-Regular.ttf in Resources */ = {isa = PBXBuildFile; fileRef = 7E10D9652CFC4F8000B11046 /* Nunito-Regular.ttf */; };
		7E10D9762CFC4F8000B11046 /* Nunito-ExtraLight.ttf in Resources */ = {isa = PBXBuildFile; fileRef = 7E10D9662CFC4F8000B11046 /* Nunito-ExtraLight.ttf */; };
		7E10D9792CFC51F200B11046 /* UIFont+Ext.swift in Sources */ = {isa = PBXBuildFile; fileRef = 7E10D9782CFC51F200B11046 /* UIFont+Ext.swift */; };
		7E10D97C2CFC53EE00B11046 /* CustomFontUtil.swift in Sources */ = {isa = PBXBuildFile; fileRef = 7E10D97B2CFC53EE00B11046 /* CustomFontUtil.swift */; };
		7E23D8952CF9963500710336 /* AppDelegate.swift in Sources */ = {isa = PBXBuildFile; fileRef = 7E23D8942CF9963500710336 /* AppDelegate.swift */; };
		7E23D8972CF9963500710336 /* SceneDelegate.swift in Sources */ = {isa = PBXBuildFile; fileRef = 7E23D8962CF9963500710336 /* SceneDelegate.swift */; };
		7E23D89C2CF9963500710336 /* Base in Resources */ = {isa = PBXBuildFile; fileRef = 7E23D89B2CF9963500710336 /* Base */; };
		7E23D89E2CF9963600710336 /* Assets.xcassets in Resources */ = {isa = PBXBuildFile; fileRef = 7E23D89D2CF9963600710336 /* Assets.xcassets */; };
		7E23D8A12CF9963600710336 /* Base in Resources */ = {isa = PBXBuildFile; fileRef = 7E23D8A02CF9963600710336 /* Base */; };
		7E4DA5F52CFEE11000C5D7AC /* error.json in Resources */ = {isa = PBXBuildFile; fileRef = 7E4DA5F42CFEE11000C5D7AC /* error.json */; };
		7E4DA5F72CFEE6EA00C5D7AC /* PopupModel.swift in Sources */ = {isa = PBXBuildFile; fileRef = 7E4DA5F62CFEE6EA00C5D7AC /* PopupModel.swift */; };
		7E7F8B292CFDF52700B61544 /* BaseViewController.swift in Sources */ = {isa = PBXBuildFile; fileRef = 7E7F8B282CFDF52700B61544 /* BaseViewController.swift */; };
		7E7F8B2C2CFDFF8500B61544 /* LoadingView.swift in Sources */ = {isa = PBXBuildFile; fileRef = 7E7F8B2B2CFDFF8500B61544 /* LoadingView.swift */; };
		7E7F8B2F2CFE006400B61544 /* Lottie in Frameworks */ = {isa = PBXBuildFile; productRef = 7E7F8B2E2CFE006400B61544 /* Lottie */; };
		7E7F8B322CFE018400B61544 /* loading.json in Resources */ = {isa = PBXBuildFile; fileRef = 7E7F8B312CFE018400B61544 /* loading.json */; };
		7E7F8B352CFE046200B61544 /* SnackBarView.swift in Sources */ = {isa = PBXBuildFile; fileRef = 7E7F8B342CFE046200B61544 /* SnackBarView.swift */; };
		7E7F8B392CFE0B0400B61544 /* PopupViewController.swift in Sources */ = {isa = PBXBuildFile; fileRef = 7E7F8B372CFE0B0400B61544 /* PopupViewController.swift */; };
		7E7F8B3A2CFE0B0400B61544 /* PopupViewController.xib in Resources */ = {isa = PBXBuildFile; fileRef = 7E7F8B382CFE0B0400B61544 /* PopupViewController.xib */; };
		7E7F8B3D2CFEADA000B61544 /* PopupTransitionDelegate.swift in Sources */ = {isa = PBXBuildFile; fileRef = 7E7F8B3C2CFEADA000B61544 /* PopupTransitionDelegate.swift */; };
		7E7F8B3F2CFEB55D00B61544 /* PopupViewDelegate.swift in Sources */ = {isa = PBXBuildFile; fileRef = 7E7F8B3E2CFEB55D00B61544 /* PopupViewDelegate.swift */; };
		7E8652FC2CFDCF4500EBF68B /* RegisterUseCase.swift in Sources */ = {isa = PBXBuildFile; fileRef = 7E8652FB2CFDCF4500EBF68B /* RegisterUseCase.swift */; };
		7EACAC1D2CFC8A250094C61B /* GeneralTextFieldView.swift in Sources */ = {isa = PBXBuildFile; fileRef = 7EACAC1C2CFC8A250094C61B /* GeneralTextFieldView.swift */; };
		7EACAC1F2CFC8A330094C61B /* GeneralTextFieldView.xib in Resources */ = {isa = PBXBuildFile; fileRef = 7EACAC1E2CFC8A330094C61B /* GeneralTextFieldView.xib */; };
		7EACAC212CFCB17C0094C61B /* UIView+Ext.swift in Sources */ = {isa = PBXBuildFile; fileRef = 7EACAC202CFCB17C0094C61B /* UIView+Ext.swift */; };
		7EACAC232CFCB6D70094C61B /* UIColor+Ext.swift in Sources */ = {isa = PBXBuildFile; fileRef = 7EACAC222CFCB6D70094C61B /* UIColor+Ext.swift */; };
		7EE0A6B42CFCCE8F000BDEBF /* PasswordTextField.swift in Sources */ = {isa = PBXBuildFile; fileRef = 7EE0A6B32CFCCE8F000BDEBF /* PasswordTextField.swift */; };
		7EE0A6B72CFCDB81000BDEBF /* MainActionButton.swift in Sources */ = {isa = PBXBuildFile; fileRef = 7EE0A6B62CFCDB81000BDEBF /* MainActionButton.swift */; };
		7EE0A6BA2CFCE7A9000BDEBF /* RegisterViewModel.swift in Sources */ = {isa = PBXBuildFile; fileRef = 7EE0A6B92CFCE7A9000BDEBF /* RegisterViewModel.swift */; };
		7EE0A6BC2CFCE7BC000BDEBF /* RegisterViewController.swift in Sources */ = {isa = PBXBuildFile; fileRef = 7EE0A6BB2CFCE7BC000BDEBF /* RegisterViewController.swift */; };
		7EE0A6BF2CFD48F4000BDEBF /* MainNavigationController.swift in Sources */ = {isa = PBXBuildFile; fileRef = 7EE0A6BE2CFD48F4000BDEBF /* MainNavigationController.swift */; };
		7EE0A6C62CFD7FF7000BDEBF /* ImageActionButton.swift in Sources */ = {isa = PBXBuildFile; fileRef = 7EE0A6C52CFD7FF7000BDEBF /* ImageActionButton.swift */; };
		7EE0A6C82CFDBF50000BDEBF /* CustomerModel.swift in Sources */ = {isa = PBXBuildFile; fileRef = 7EE0A6C72CFDBF50000BDEBF /* CustomerModel.swift */; };
		7EE0A6CA2CFDBFCC000BDEBF /* AuthenticationRepository.swift in Sources */ = {isa = PBXBuildFile; fileRef = 7EE0A6C92CFDBFCC000BDEBF /* AuthenticationRepository.swift */; };
		7EE0A6CC2CFDC1FD000BDEBF /* CustomerMapper.swift in Sources */ = {isa = PBXBuildFile; fileRef = 7EE0A6CB2CFDC1FD000BDEBF /* CustomerMapper.swift */; };
/* End PBXBuildFile section */

/* Begin PBXFileReference section */
		7E10D9252CF997BB00B11046 /* gramejia.xcdatamodel */ = {isa = PBXFileReference; lastKnownFileType = wrapper.xcdatamodel; path = gramejia.xcdatamodel; sourceTree = "<group>"; };
		7E10D9272CF9990500B11046 /* CoreDataManager.swift */ = {isa = PBXFileReference; lastKnownFileType = sourcecode.swift; path = CoreDataManager.swift; sourceTree = "<group>"; };
		7E10D92A2CF9996E00B11046 /* Error+Ext.swift */ = {isa = PBXFileReference; lastKnownFileType = sourcecode.swift; path = "Error+Ext.swift"; sourceTree = "<group>"; };
		7E10D92F2CFB638200B11046 /* BookRepository.swift */ = {isa = PBXFileReference; lastKnownFileType = sourcecode.swift; path = BookRepository.swift; sourceTree = "<group>"; };
		7E10D9322CFB64D400B11046 /* BookModel.swift */ = {isa = PBXFileReference; lastKnownFileType = sourcecode.swift; path = BookModel.swift; sourceTree = "<group>"; };
		7E10D9352CFB693400B11046 /* BookMapper.swift */ = {isa = PBXFileReference; lastKnownFileType = sourcecode.swift; path = BookMapper.swift; sourceTree = "<group>"; };
		7E10D9382CFB76FD00B11046 /* Injection.swift */ = {isa = PBXFileReference; lastKnownFileType = sourcecode.swift; path = Injection.swift; sourceTree = "<group>"; };
		7E10D93D2CFB782300B11046 /* AddBookViewController.swift */ = {isa = PBXFileReference; lastKnownFileType = sourcecode.swift; path = AddBookViewController.swift; sourceTree = "<group>"; };
		7E10D93F2CFB783300B11046 /* AddBookViewModel.swift */ = {isa = PBXFileReference; lastKnownFileType = sourcecode.swift; path = AddBookViewModel.swift; sourceTree = "<group>"; };
		7E10D9412CFB787600B11046 /* AddBookUseCase.swift */ = {isa = PBXFileReference; lastKnownFileType = sourcecode.swift; path = AddBookUseCase.swift; sourceTree = "<group>"; };
		7E10D94D2CFC419800B11046 /* LoginViewController.swift */ = {isa = PBXFileReference; lastKnownFileType = sourcecode.swift; path = LoginViewController.swift; sourceTree = "<group>"; };
		7E10D94F2CFC41A100B11046 /* LoginViewModel.swift */ = {isa = PBXFileReference; lastKnownFileType = sourcecode.swift; path = LoginViewModel.swift; sourceTree = "<group>"; };
		7E10D9512CFC41AA00B11046 /* LoginUseCase.swift */ = {isa = PBXFileReference; lastKnownFileType = sourcecode.swift; path = LoginUseCase.swift; sourceTree = "<group>"; };
		7E10D9572CFC4F7F00B11046 /* Nunito-BoldItalic.ttf */ = {isa = PBXFileReference; lastKnownFileType = file; path = "Nunito-BoldItalic.ttf"; sourceTree = "<group>"; };
		7E10D9582CFC4F7F00B11046 /* Nunito-ExtraLightItalic.ttf */ = {isa = PBXFileReference; lastKnownFileType = file; path = "Nunito-ExtraLightItalic.ttf"; sourceTree = "<group>"; };
		7E10D9592CFC4F7F00B11046 /* Nunito-Light.ttf */ = {isa = PBXFileReference; lastKnownFileType = file; path = "Nunito-Light.ttf"; sourceTree = "<group>"; };
		7E10D95A2CFC4F7F00B11046 /* Nunito-LightItalic.ttf */ = {isa = PBXFileReference; lastKnownFileType = file; path = "Nunito-LightItalic.ttf"; sourceTree = "<group>"; };
		7E10D95B2CFC4F7F00B11046 /* Nunito-Bold.ttf */ = {isa = PBXFileReference; lastKnownFileType = file; path = "Nunito-Bold.ttf"; sourceTree = "<group>"; };
		7E10D95C2CFC4F7F00B11046 /* Nunito-SemiBold.ttf */ = {isa = PBXFileReference; lastKnownFileType = file; path = "Nunito-SemiBold.ttf"; sourceTree = "<group>"; };
		7E10D95D2CFC4F7F00B11046 /* Nunito-Italic.ttf */ = {isa = PBXFileReference; lastKnownFileType = file; path = "Nunito-Italic.ttf"; sourceTree = "<group>"; };
		7E10D95E2CFC4F7F00B11046 /* Nunito-BlackItalic.ttf */ = {isa = PBXFileReference; lastKnownFileType = file; path = "Nunito-BlackItalic.ttf"; sourceTree = "<group>"; };
		7E10D95F2CFC4F7F00B11046 /* Nunito-MediumItalic.ttf */ = {isa = PBXFileReference; lastKnownFileType = file; path = "Nunito-MediumItalic.ttf"; sourceTree = "<group>"; };
		7E10D9602CFC4F8000B11046 /* Nunito-ExtraBoldItalic.ttf */ = {isa = PBXFileReference; lastKnownFileType = file; path = "Nunito-ExtraBoldItalic.ttf"; sourceTree = "<group>"; };
		7E10D9612CFC4F8000B11046 /* Nunito-SemiBoldItalic.ttf */ = {isa = PBXFileReference; lastKnownFileType = file; path = "Nunito-SemiBoldItalic.ttf"; sourceTree = "<group>"; };
		7E10D9622CFC4F8000B11046 /* Nunito-ExtraBold.ttf */ = {isa = PBXFileReference; lastKnownFileType = file; path = "Nunito-ExtraBold.ttf"; sourceTree = "<group>"; };
		7E10D9632CFC4F8000B11046 /* Nunito-Black.ttf */ = {isa = PBXFileReference; lastKnownFileType = file; path = "Nunito-Black.ttf"; sourceTree = "<group>"; };
		7E10D9642CFC4F8000B11046 /* Nunito-Medium.ttf */ = {isa = PBXFileReference; lastKnownFileType = file; path = "Nunito-Medium.ttf"; sourceTree = "<group>"; };
		7E10D9652CFC4F8000B11046 /* Nunito-Regular.ttf */ = {isa = PBXFileReference; lastKnownFileType = file; path = "Nunito-Regular.ttf"; sourceTree = "<group>"; };
		7E10D9662CFC4F8000B11046 /* Nunito-ExtraLight.ttf */ = {isa = PBXFileReference; lastKnownFileType = file; path = "Nunito-ExtraLight.ttf"; sourceTree = "<group>"; };
		7E10D9782CFC51F200B11046 /* UIFont+Ext.swift */ = {isa = PBXFileReference; lastKnownFileType = sourcecode.swift; path = "UIFont+Ext.swift"; sourceTree = "<group>"; };
		7E10D97B2CFC53EE00B11046 /* CustomFontUtil.swift */ = {isa = PBXFileReference; lastKnownFileType = sourcecode.swift; path = CustomFontUtil.swift; sourceTree = "<group>"; };
		7E23D8912CF9963500710336 /* gramejia.app */ = {isa = PBXFileReference; explicitFileType = wrapper.application; includeInIndex = 0; path = gramejia.app; sourceTree = BUILT_PRODUCTS_DIR; };
		7E23D8942CF9963500710336 /* AppDelegate.swift */ = {isa = PBXFileReference; lastKnownFileType = sourcecode.swift; path = AppDelegate.swift; sourceTree = "<group>"; };
		7E23D8962CF9963500710336 /* SceneDelegate.swift */ = {isa = PBXFileReference; lastKnownFileType = sourcecode.swift; path = SceneDelegate.swift; sourceTree = "<group>"; };
		7E23D89B2CF9963500710336 /* Base */ = {isa = PBXFileReference; lastKnownFileType = file.storyboard; name = Base; path = Base.lproj/Main.storyboard; sourceTree = "<group>"; };
		7E23D89D2CF9963600710336 /* Assets.xcassets */ = {isa = PBXFileReference; lastKnownFileType = folder.assetcatalog; path = Assets.xcassets; sourceTree = "<group>"; };
		7E23D8A02CF9963600710336 /* Base */ = {isa = PBXFileReference; lastKnownFileType = file.storyboard; name = Base; path = Base.lproj/LaunchScreen.storyboard; sourceTree = "<group>"; };
		7E23D8A22CF9963600710336 /* Info.plist */ = {isa = PBXFileReference; lastKnownFileType = text.plist.xml; path = Info.plist; sourceTree = "<group>"; };
		7E4DA5F42CFEE11000C5D7AC /* error.json */ = {isa = PBXFileReference; fileEncoding = 4; lastKnownFileType = text.json; path = error.json; sourceTree = "<group>"; };
		7E4DA5F62CFEE6EA00C5D7AC /* PopupModel.swift */ = {isa = PBXFileReference; lastKnownFileType = sourcecode.swift; path = PopupModel.swift; sourceTree = "<group>"; };
		7E7F8B282CFDF52700B61544 /* BaseViewController.swift */ = {isa = PBXFileReference; lastKnownFileType = sourcecode.swift; path = BaseViewController.swift; sourceTree = "<group>"; };
		7E7F8B2B2CFDFF8500B61544 /* LoadingView.swift */ = {isa = PBXFileReference; lastKnownFileType = sourcecode.swift; path = LoadingView.swift; sourceTree = "<group>"; };
		7E7F8B312CFE018400B61544 /* loading.json */ = {isa = PBXFileReference; fileEncoding = 4; lastKnownFileType = text.json; path = loading.json; sourceTree = "<group>"; };
		7E7F8B342CFE046200B61544 /* SnackBarView.swift */ = {isa = PBXFileReference; lastKnownFileType = sourcecode.swift; path = SnackBarView.swift; sourceTree = "<group>"; };
		7E7F8B372CFE0B0400B61544 /* PopupViewController.swift */ = {isa = PBXFileReference; lastKnownFileType = sourcecode.swift; path = PopupViewController.swift; sourceTree = "<group>"; };
		7E7F8B382CFE0B0400B61544 /* PopupViewController.xib */ = {isa = PBXFileReference; lastKnownFileType = file.xib; path = PopupViewController.xib; sourceTree = "<group>"; };
		7E7F8B3C2CFEADA000B61544 /* PopupTransitionDelegate.swift */ = {isa = PBXFileReference; lastKnownFileType = sourcecode.swift; path = PopupTransitionDelegate.swift; sourceTree = "<group>"; };
		7E7F8B3E2CFEB55D00B61544 /* PopupViewDelegate.swift */ = {isa = PBXFileReference; lastKnownFileType = sourcecode.swift; path = PopupViewDelegate.swift; sourceTree = "<group>"; };
		7E8652FB2CFDCF4500EBF68B /* RegisterUseCase.swift */ = {isa = PBXFileReference; lastKnownFileType = sourcecode.swift; path = RegisterUseCase.swift; sourceTree = "<group>"; };
		7EACAC1C2CFC8A250094C61B /* GeneralTextFieldView.swift */ = {isa = PBXFileReference; lastKnownFileType = sourcecode.swift; path = GeneralTextFieldView.swift; sourceTree = "<group>"; };
		7EACAC1E2CFC8A330094C61B /* GeneralTextFieldView.xib */ = {isa = PBXFileReference; lastKnownFileType = file.xib; path = GeneralTextFieldView.xib; sourceTree = "<group>"; };
		7EACAC202CFCB17C0094C61B /* UIView+Ext.swift */ = {isa = PBXFileReference; lastKnownFileType = sourcecode.swift; path = "UIView+Ext.swift"; sourceTree = "<group>"; };
		7EACAC222CFCB6D70094C61B /* UIColor+Ext.swift */ = {isa = PBXFileReference; lastKnownFileType = sourcecode.swift; path = "UIColor+Ext.swift"; sourceTree = "<group>"; };
		7EE0A6B32CFCCE8F000BDEBF /* PasswordTextField.swift */ = {isa = PBXFileReference; lastKnownFileType = sourcecode.swift; path = PasswordTextField.swift; sourceTree = "<group>"; };
		7EE0A6B62CFCDB81000BDEBF /* MainActionButton.swift */ = {isa = PBXFileReference; lastKnownFileType = sourcecode.swift; path = MainActionButton.swift; sourceTree = "<group>"; };
		7EE0A6B92CFCE7A9000BDEBF /* RegisterViewModel.swift */ = {isa = PBXFileReference; lastKnownFileType = sourcecode.swift; path = RegisterViewModel.swift; sourceTree = "<group>"; };
		7EE0A6BB2CFCE7BC000BDEBF /* RegisterViewController.swift */ = {isa = PBXFileReference; lastKnownFileType = sourcecode.swift; path = RegisterViewController.swift; sourceTree = "<group>"; };
		7EE0A6BE2CFD48F4000BDEBF /* MainNavigationController.swift */ = {isa = PBXFileReference; lastKnownFileType = sourcecode.swift; path = MainNavigationController.swift; sourceTree = "<group>"; };
		7EE0A6C52CFD7FF7000BDEBF /* ImageActionButton.swift */ = {isa = PBXFileReference; lastKnownFileType = sourcecode.swift; path = ImageActionButton.swift; sourceTree = "<group>"; };
		7EE0A6C72CFDBF50000BDEBF /* CustomerModel.swift */ = {isa = PBXFileReference; lastKnownFileType = sourcecode.swift; path = CustomerModel.swift; sourceTree = "<group>"; };
		7EE0A6C92CFDBFCC000BDEBF /* AuthenticationRepository.swift */ = {isa = PBXFileReference; lastKnownFileType = sourcecode.swift; path = AuthenticationRepository.swift; sourceTree = "<group>"; };
		7EE0A6CB2CFDC1FD000BDEBF /* CustomerMapper.swift */ = {isa = PBXFileReference; lastKnownFileType = sourcecode.swift; path = CustomerMapper.swift; sourceTree = "<group>"; };
/* End PBXFileReference section */

/* Begin PBXFrameworksBuildPhase section */
		7E23D88E2CF9963500710336 /* Frameworks */ = {
			isa = PBXFrameworksBuildPhase;
			buildActionMask = 2147483647;
			files = (
				7E7F8B2F2CFE006400B61544 /* Lottie in Frameworks */,
			);
			runOnlyForDeploymentPostprocessing = 0;
		};
/* End PBXFrameworksBuildPhase section */

/* Begin PBXGroup section */
		7E10D91C2CF996E600B11046 /* Base */ = {
			isa = PBXGroup;
			children = (
				7E23D8942CF9963500710336 /* AppDelegate.swift */,
				7E23D8962CF9963500710336 /* SceneDelegate.swift */,
			);
			path = Base;
			sourceTree = "<group>";
		};
		7E10D91F2CF9970D00B11046 /* StoryBoard */ = {
			isa = PBXGroup;
			children = (
				7E23D89A2CF9963500710336 /* Main.storyboard */,
				7E23D89F2CF9963600710336 /* LaunchScreen.storyboard */,
			);
			path = StoryBoard;
			sourceTree = "<group>";
		};
		7E10D9202CF9971B00B11046 /* Asset */ = {
			isa = PBXGroup;
			children = (
				7E7F8B302CFE017300B61544 /* Lottie */,
				7E10D9562CFC4F5400B11046 /* Font */,
				7E23D89D2CF9963600710336 /* Assets.xcassets */,
			);
			path = Asset;
			sourceTree = "<group>";
		};
		7E10D9222CF997A200B11046 /* Manager */ = {
			isa = PBXGroup;
			children = (
				7E10D9272CF9990500B11046 /* CoreDataManager.swift */,
			);
			path = Manager;
			sourceTree = "<group>";
		};
		7E10D9232CF997AA00B11046 /* Entity */ = {
			isa = PBXGroup;
			children = (
				7E10D9242CF997BB00B11046 /* gramejia.xcdatamodeld */,
			);
			path = Entity;
			sourceTree = "<group>";
		};
		7E10D9292CF9996500B11046 /* Extension */ = {
			isa = PBXGroup;
			children = (
				7E10D92A2CF9996E00B11046 /* Error+Ext.swift */,
			);
			path = Extension;
			sourceTree = "<group>";
		};
		7E10D92C2CF9AD9E00B11046 /* Module */ = {
			isa = PBXGroup;
			children = (
				7EE0A6BD2CFD48D4000BDEBF /* NavigationController */,
				7EE0A6B82CFCE796000BDEBF /* Register */,
				7E10D94C2CFC418700B11046 /* Login */,
				7E10D93A2CFB77F600B11046 /* AddBook */,
			);
			path = Module;
			sourceTree = "<group>";
		};
		7E10D92D2CFB61ED00B11046 /* Core */ = {
			isa = PBXGroup;
			children = (
				7E10D97A2CFC53DE00B11046 /* Utility */,
				7E10D9772CFC51E600B11046 /* Extension */,
				7E10D9372CFB76D200B11046 /* Injection */,
				7E10D9342CFB692B00B11046 /* Mapper */,
				7E10D9312CFB64C800B11046 /* Domain */,
				7E10D9222CF997A200B11046 /* Manager */,
				7E10D92E2CFB61F100B11046 /* Repository */,
			);
			path = Core;
			sourceTree = "<group>";
		};
		7E10D92E2CFB61F100B11046 /* Repository */ = {
			isa = PBXGroup;
			children = (
				7E10D92F2CFB638200B11046 /* BookRepository.swift */,
				7EE0A6C92CFDBFCC000BDEBF /* AuthenticationRepository.swift */,
			);
			path = Repository;
			sourceTree = "<group>";
		};
		7E10D9312CFB64C800B11046 /* Domain */ = {
			isa = PBXGroup;
			children = (
				7E10D9322CFB64D400B11046 /* BookModel.swift */,
				7EE0A6C72CFDBF50000BDEBF /* CustomerModel.swift */,
			);
			path = Domain;
			sourceTree = "<group>";
		};
		7E10D9342CFB692B00B11046 /* Mapper */ = {
			isa = PBXGroup;
			children = (
				7E10D9352CFB693400B11046 /* BookMapper.swift */,
				7EE0A6CB2CFDC1FD000BDEBF /* CustomerMapper.swift */,
			);
			path = Mapper;
			sourceTree = "<group>";
		};
		7E10D9372CFB76D200B11046 /* Injection */ = {
			isa = PBXGroup;
			children = (
				7E10D9382CFB76FD00B11046 /* Injection.swift */,
			);
			path = Injection;
			sourceTree = "<group>";
		};
		7E10D93A2CFB77F600B11046 /* AddBook */ = {
			isa = PBXGroup;
			children = (
				7E10D93D2CFB782300B11046 /* AddBookViewController.swift */,
				7E10D93F2CFB783300B11046 /* AddBookViewModel.swift */,
				7E10D9412CFB787600B11046 /* AddBookUseCase.swift */,
			);
			path = AddBook;
			sourceTree = "<group>";
		};
		7E10D94C2CFC418700B11046 /* Login */ = {
			isa = PBXGroup;
			children = (
				7E10D94D2CFC419800B11046 /* LoginViewController.swift */,
				7E10D94F2CFC41A100B11046 /* LoginViewModel.swift */,
				7E10D9512CFC41AA00B11046 /* LoginUseCase.swift */,
			);
			path = Login;
			sourceTree = "<group>";
		};
		7E10D9532CFC4A4E00B11046 /* Component */ = {
			isa = PBXGroup;
			children = (
				7E7F8B362CFE0AE500B61544 /* Popup */,
				7E7F8B332CFE045700B61544 /* SnackBar */,
				7E7F8B2A2CFDFF7A00B61544 /* Loading */,
				7E7F8B272CFDF50E00B61544 /* Base */,
				7EE0A6B52CFCDB77000BDEBF /* Button */,
				7EE0A6B22CFCCE7B000BDEBF /* Textfield */,
			);
			path = Component;
			sourceTree = "<group>";
		};
		7E10D9562CFC4F5400B11046 /* Font */ = {
			isa = PBXGroup;
			children = (
				7E10D9632CFC4F8000B11046 /* Nunito-Black.ttf */,
				7E10D95E2CFC4F7F00B11046 /* Nunito-BlackItalic.ttf */,
				7E10D95B2CFC4F7F00B11046 /* Nunito-Bold.ttf */,
				7E10D9572CFC4F7F00B11046 /* Nunito-BoldItalic.ttf */,
				7E10D9622CFC4F8000B11046 /* Nunito-ExtraBold.ttf */,
				7E10D9602CFC4F8000B11046 /* Nunito-ExtraBoldItalic.ttf */,
				7E10D9662CFC4F8000B11046 /* Nunito-ExtraLight.ttf */,
				7E10D9582CFC4F7F00B11046 /* Nunito-ExtraLightItalic.ttf */,
				7E10D95D2CFC4F7F00B11046 /* Nunito-Italic.ttf */,
				7E10D9592CFC4F7F00B11046 /* Nunito-Light.ttf */,
				7E10D95A2CFC4F7F00B11046 /* Nunito-LightItalic.ttf */,
				7E10D9642CFC4F8000B11046 /* Nunito-Medium.ttf */,
				7E10D95F2CFC4F7F00B11046 /* Nunito-MediumItalic.ttf */,
				7E10D9652CFC4F8000B11046 /* Nunito-Regular.ttf */,
				7E10D95C2CFC4F7F00B11046 /* Nunito-SemiBold.ttf */,
				7E10D9612CFC4F8000B11046 /* Nunito-SemiBoldItalic.ttf */,
			);
			path = Font;
			sourceTree = "<group>";
		};
		7E10D9772CFC51E600B11046 /* Extension */ = {
			isa = PBXGroup;
			children = (
				7E10D9782CFC51F200B11046 /* UIFont+Ext.swift */,
				7EACAC202CFCB17C0094C61B /* UIView+Ext.swift */,
				7EACAC222CFCB6D70094C61B /* UIColor+Ext.swift */,
			);
			path = Extension;
			sourceTree = "<group>";
		};
		7E10D97A2CFC53DE00B11046 /* Utility */ = {
			isa = PBXGroup;
			children = (
				7E10D97B2CFC53EE00B11046 /* CustomFontUtil.swift */,
			);
			path = Utility;
			sourceTree = "<group>";
		};
		7E23D8882CF9963500710336 = {
			isa = PBXGroup;
			children = (
				7E23D8932CF9963500710336 /* gramejia */,
				7E23D8922CF9963500710336 /* Products */,
			);
			sourceTree = "<group>";
		};
		7E23D8922CF9963500710336 /* Products */ = {
			isa = PBXGroup;
			children = (
				7E23D8912CF9963500710336 /* gramejia.app */,
			);
			name = Products;
			sourceTree = "<group>";
		};
		7E23D8932CF9963500710336 /* gramejia */ = {
			isa = PBXGroup;
			children = (
				7E10D9532CFC4A4E00B11046 /* Component */,
				7E10D92D2CFB61ED00B11046 /* Core */,
				7E10D92C2CF9AD9E00B11046 /* Module */,
				7E10D9292CF9996500B11046 /* Extension */,
				7E10D9232CF997AA00B11046 /* Entity */,
				7E10D9202CF9971B00B11046 /* Asset */,
				7E10D91F2CF9970D00B11046 /* StoryBoard */,
				7E10D91C2CF996E600B11046 /* Base */,
				7E23D8A22CF9963600710336 /* Info.plist */,
			);
			path = gramejia;
			sourceTree = "<group>";
		};
		7E7F8B272CFDF50E00B61544 /* Base */ = {
			isa = PBXGroup;
			children = (
				7E7F8B282CFDF52700B61544 /* BaseViewController.swift */,
			);
			path = Base;
			sourceTree = "<group>";
		};
		7E7F8B2A2CFDFF7A00B61544 /* Loading */ = {
			isa = PBXGroup;
			children = (
				7E7F8B2B2CFDFF8500B61544 /* LoadingView.swift */,
			);
			path = Loading;
			sourceTree = "<group>";
		};
		7E7F8B302CFE017300B61544 /* Lottie */ = {
			isa = PBXGroup;
			children = (
				7E4DA5F42CFEE11000C5D7AC /* error.json */,
				7E7F8B312CFE018400B61544 /* loading.json */,
			);
			path = Lottie;
			sourceTree = "<group>";
		};
		7E7F8B332CFE045700B61544 /* SnackBar */ = {
			isa = PBXGroup;
			children = (
				7E7F8B342CFE046200B61544 /* SnackBarView.swift */,
			);
			path = SnackBar;
			sourceTree = "<group>";
		};
		7E7F8B362CFE0AE500B61544 /* Popup */ = {
			isa = PBXGroup;
			children = (
				7E7F8B3B2CFEAD7200B61544 /* Delegate */,
				7E7F8B372CFE0B0400B61544 /* PopupViewController.swift */,
				7E7F8B382CFE0B0400B61544 /* PopupViewController.xib */,
			);
			path = Popup;
			sourceTree = "<group>";
		};
		7E7F8B3B2CFEAD7200B61544 /* Delegate */ = {
			isa = PBXGroup;
			children = (
				7E7F8B3C2CFEADA000B61544 /* PopupTransitionDelegate.swift */,
				7E7F8B3E2CFEB55D00B61544 /* PopupViewDelegate.swift */,
				7E4DA5F62CFEE6EA00C5D7AC /* PopupModel.swift */,
			);
			path = Delegate;
			sourceTree = "<group>";
		};
		7EE0A6B22CFCCE7B000BDEBF /* Textfield */ = {
			isa = PBXGroup;
			children = (
				7EACAC1C2CFC8A250094C61B /* GeneralTextFieldView.swift */,
				7EACAC1E2CFC8A330094C61B /* GeneralTextFieldView.xib */,
				7EE0A6B32CFCCE8F000BDEBF /* PasswordTextField.swift */,
			);
			path = Textfield;
			sourceTree = "<group>";
		};
		7EE0A6B52CFCDB77000BDEBF /* Button */ = {
			isa = PBXGroup;
			children = (
				7EE0A6B62CFCDB81000BDEBF /* MainActionButton.swift */,
				7EE0A6C52CFD7FF7000BDEBF /* ImageActionButton.swift */,
			);
			path = Button;
			sourceTree = "<group>";
		};
		7EE0A6B82CFCE796000BDEBF /* Register */ = {
			isa = PBXGroup;
			children = (
				7EE0A6B92CFCE7A9000BDEBF /* RegisterViewModel.swift */,
				7EE0A6BB2CFCE7BC000BDEBF /* RegisterViewController.swift */,
				7E8652FB2CFDCF4500EBF68B /* RegisterUseCase.swift */,
			);
			path = Register;
			sourceTree = "<group>";
		};
		7EE0A6BD2CFD48D4000BDEBF /* NavigationController */ = {
			isa = PBXGroup;
			children = (
				7EE0A6BE2CFD48F4000BDEBF /* MainNavigationController.swift */,
			);
			path = NavigationController;
			sourceTree = "<group>";
		};
/* End PBXGroup section */

/* Begin PBXNativeTarget section */
		7E23D8902CF9963500710336 /* gramejia */ = {
			isa = PBXNativeTarget;
			buildConfigurationList = 7E23D8A52CF9963600710336 /* Build configuration list for PBXNativeTarget "gramejia" */;
			buildPhases = (
				7E23D88D2CF9963500710336 /* Sources */,
				7E23D88E2CF9963500710336 /* Frameworks */,
				7E23D88F2CF9963500710336 /* Resources */,
			);
			buildRules = (
			);
			dependencies = (
			);
			name = gramejia;
			packageProductDependencies = (
				7E7F8B2E2CFE006400B61544 /* Lottie */,
			);
			productName = gramejia;
			productReference = 7E23D8912CF9963500710336 /* gramejia.app */;
			productType = "com.apple.product-type.application";
		};
/* End PBXNativeTarget section */

/* Begin PBXProject section */
		7E23D8892CF9963500710336 /* Project object */ = {
			isa = PBXProject;
			attributes = {
				BuildIndependentTargetsInParallel = 1;
				LastSwiftUpdateCheck = 1540;
				LastUpgradeCheck = 1540;
				TargetAttributes = {
					7E23D8902CF9963500710336 = {
						CreatedOnToolsVersion = 15.4;
					};
				};
			};
			buildConfigurationList = 7E23D88C2CF9963500710336 /* Build configuration list for PBXProject "gramejia" */;
			compatibilityVersion = "Xcode 14.0";
			developmentRegion = en;
			hasScannedForEncodings = 0;
			knownRegions = (
				en,
				Base,
			);
			mainGroup = 7E23D8882CF9963500710336;
			packageReferences = (
				7E7F8B2D2CFE006400B61544 /* XCRemoteSwiftPackageReference "lottie-spm" */,
			);
			productRefGroup = 7E23D8922CF9963500710336 /* Products */;
			projectDirPath = "";
			projectRoot = "";
			targets = (
				7E23D8902CF9963500710336 /* gramejia */,
			);
		};
/* End PBXProject section */

/* Begin PBXResourcesBuildPhase section */
		7E23D88F2CF9963500710336 /* Resources */ = {
			isa = PBXResourcesBuildPhase;
			buildActionMask = 2147483647;
			files = (
				7E10D96F2CFC4F8000B11046 /* Nunito-MediumItalic.ttf in Resources */,
				7E23D89E2CF9963600710336 /* Assets.xcassets in Resources */,
				7E10D96D2CFC4F8000B11046 /* Nunito-Italic.ttf in Resources */,
				7E10D9732CFC4F8000B11046 /* Nunito-Black.ttf in Resources */,
				7E10D9682CFC4F8000B11046 /* Nunito-ExtraLightItalic.ttf in Resources */,
				7E10D9692CFC4F8000B11046 /* Nunito-Light.ttf in Resources */,
				7E10D9752CFC4F8000B11046 /* Nunito-Regular.ttf in Resources */,
				7E10D96C2CFC4F8000B11046 /* Nunito-SemiBold.ttf in Resources */,
				7E23D8A12CF9963600710336 /* Base in Resources */,
				7E10D96E2CFC4F8000B11046 /* Nunito-BlackItalic.ttf in Resources */,
				7E10D9712CFC4F8000B11046 /* Nunito-SemiBoldItalic.ttf in Resources */,
				7E7F8B322CFE018400B61544 /* loading.json in Resources */,
				7E4DA5F52CFEE11000C5D7AC /* error.json in Resources */,
				7E10D9762CFC4F8000B11046 /* Nunito-ExtraLight.ttf in Resources */,
				7E7F8B3A2CFE0B0400B61544 /* PopupViewController.xib in Resources */,
				7E10D96A2CFC4F8000B11046 /* Nunito-LightItalic.ttf in Resources */,
				7E10D9672CFC4F8000B11046 /* Nunito-BoldItalic.ttf in Resources */,
				7E10D9702CFC4F8000B11046 /* Nunito-ExtraBoldItalic.ttf in Resources */,
				7E10D9742CFC4F8000B11046 /* Nunito-Medium.ttf in Resources */,
				7E10D9722CFC4F8000B11046 /* Nunito-ExtraBold.ttf in Resources */,
				7E10D96B2CFC4F8000B11046 /* Nunito-Bold.ttf in Resources */,
				7E23D89C2CF9963500710336 /* Base in Resources */,
				7EACAC1F2CFC8A330094C61B /* GeneralTextFieldView.xib in Resources */,
			);
			runOnlyForDeploymentPostprocessing = 0;
		};
/* End PBXResourcesBuildPhase section */

/* Begin PBXSourcesBuildPhase section */
		7E23D88D2CF9963500710336 /* Sources */ = {
			isa = PBXSourcesBuildPhase;
			buildActionMask = 2147483647;
			files = (
				7E7F8B352CFE046200B61544 /* SnackBarView.swift in Sources */,
				7E10D9362CFB693400B11046 /* BookMapper.swift in Sources */,
				7E10D9402CFB783300B11046 /* AddBookViewModel.swift in Sources */,
				7EE0A6CC2CFDC1FD000BDEBF /* CustomerMapper.swift in Sources */,
				7E10D92B2CF9996E00B11046 /* Error+Ext.swift in Sources */,
				7E7F8B292CFDF52700B61544 /* BaseViewController.swift in Sources */,
				7E7F8B2C2CFDFF8500B61544 /* LoadingView.swift in Sources */,
				7EE0A6BC2CFCE7BC000BDEBF /* RegisterViewController.swift in Sources */,
				7EACAC1D2CFC8A250094C61B /* GeneralTextFieldView.swift in Sources */,
				7E10D9422CFB787600B11046 /* AddBookUseCase.swift in Sources */,
				7E10D93E2CFB782300B11046 /* AddBookViewController.swift in Sources */,
				7EACAC212CFCB17C0094C61B /* UIView+Ext.swift in Sources */,
				7E10D9262CF997BB00B11046 /* gramejia.xcdatamodeld in Sources */,
				7E10D9502CFC41A100B11046 /* LoginViewModel.swift in Sources */,
				7E10D9792CFC51F200B11046 /* UIFont+Ext.swift in Sources */,
				7E23D8952CF9963500710336 /* AppDelegate.swift in Sources */,
				7E4DA5F72CFEE6EA00C5D7AC /* PopupModel.swift in Sources */,
				7EE0A6C62CFD7FF7000BDEBF /* ImageActionButton.swift in Sources */,
				7EE0A6CA2CFDBFCC000BDEBF /* AuthenticationRepository.swift in Sources */,
				7E10D97C2CFC53EE00B11046 /* CustomFontUtil.swift in Sources */,
				7E7F8B392CFE0B0400B61544 /* PopupViewController.swift in Sources */,
				7E10D9392CFB76FD00B11046 /* Injection.swift in Sources */,
				7E10D9282CF9990500B11046 /* CoreDataManager.swift in Sources */,
				7E8652FC2CFDCF4500EBF68B /* RegisterUseCase.swift in Sources */,
				7E10D9302CFB638200B11046 /* BookRepository.swift in Sources */,
				7E10D9332CFB64D400B11046 /* BookModel.swift in Sources */,
				7E10D94E2CFC419800B11046 /* LoginViewController.swift in Sources */,
				7EE0A6B42CFCCE8F000BDEBF /* PasswordTextField.swift in Sources */,
				7EACAC232CFCB6D70094C61B /* UIColor+Ext.swift in Sources */,
				7EE0A6BF2CFD48F4000BDEBF /* MainNavigationController.swift in Sources */,
				7EE0A6B72CFCDB81000BDEBF /* MainActionButton.swift in Sources */,
				7E23D8972CF9963500710336 /* SceneDelegate.swift in Sources */,
				7E10D9522CFC41AA00B11046 /* LoginUseCase.swift in Sources */,
				7E7F8B3F2CFEB55D00B61544 /* PopupViewDelegate.swift in Sources */,
				7EE0A6C82CFDBF50000BDEBF /* CustomerModel.swift in Sources */,
				7E7F8B3D2CFEADA000B61544 /* PopupTransitionDelegate.swift in Sources */,
				7EE0A6BA2CFCE7A9000BDEBF /* RegisterViewModel.swift in Sources */,
			);
			runOnlyForDeploymentPostprocessing = 0;
		};
/* End PBXSourcesBuildPhase section */

/* Begin PBXVariantGroup section */
		7E23D89A2CF9963500710336 /* Main.storyboard */ = {
			isa = PBXVariantGroup;
			children = (
				7E23D89B2CF9963500710336 /* Base */,
			);
			name = Main.storyboard;
			sourceTree = "<group>";
		};
		7E23D89F2CF9963600710336 /* LaunchScreen.storyboard */ = {
			isa = PBXVariantGroup;
			children = (
				7E23D8A02CF9963600710336 /* Base */,
			);
			name = LaunchScreen.storyboard;
			sourceTree = "<group>";
		};
/* End PBXVariantGroup section */

/* Begin XCBuildConfiguration section */
		7E23D8A32CF9963600710336 /* Debug */ = {
			isa = XCBuildConfiguration;
			buildSettings = {
				ALWAYS_SEARCH_USER_PATHS = NO;
				ASSETCATALOG_COMPILER_GENERATE_SWIFT_ASSET_SYMBOL_EXTENSIONS = YES;
				CLANG_ANALYZER_NONNULL = YES;
				CLANG_ANALYZER_NUMBER_OBJECT_CONVERSION = YES_AGGRESSIVE;
				CLANG_CXX_LANGUAGE_STANDARD = "gnu++20";
				CLANG_ENABLE_MODULES = YES;
				CLANG_ENABLE_OBJC_ARC = YES;
				CLANG_ENABLE_OBJC_WEAK = YES;
				CLANG_WARN_BLOCK_CAPTURE_AUTORELEASING = YES;
				CLANG_WARN_BOOL_CONVERSION = YES;
				CLANG_WARN_COMMA = YES;
				CLANG_WARN_CONSTANT_CONVERSION = YES;
				CLANG_WARN_DEPRECATED_OBJC_IMPLEMENTATIONS = YES;
				CLANG_WARN_DIRECT_OBJC_ISA_USAGE = YES_ERROR;
				CLANG_WARN_DOCUMENTATION_COMMENTS = YES;
				CLANG_WARN_EMPTY_BODY = YES;
				CLANG_WARN_ENUM_CONVERSION = YES;
				CLANG_WARN_INFINITE_RECURSION = YES;
				CLANG_WARN_INT_CONVERSION = YES;
				CLANG_WARN_NON_LITERAL_NULL_CONVERSION = YES;
				CLANG_WARN_OBJC_IMPLICIT_RETAIN_SELF = YES;
				CLANG_WARN_OBJC_LITERAL_CONVERSION = YES;
				CLANG_WARN_OBJC_ROOT_CLASS = YES_ERROR;
				CLANG_WARN_QUOTED_INCLUDE_IN_FRAMEWORK_HEADER = YES;
				CLANG_WARN_RANGE_LOOP_ANALYSIS = YES;
				CLANG_WARN_STRICT_PROTOTYPES = YES;
				CLANG_WARN_SUSPICIOUS_MOVE = YES;
				CLANG_WARN_UNGUARDED_AVAILABILITY = YES_AGGRESSIVE;
				CLANG_WARN_UNREACHABLE_CODE = YES;
				CLANG_WARN__DUPLICATE_METHOD_MATCH = YES;
				COPY_PHASE_STRIP = NO;
				DEBUG_INFORMATION_FORMAT = dwarf;
				ENABLE_STRICT_OBJC_MSGSEND = YES;
				ENABLE_TESTABILITY = YES;
				ENABLE_USER_SCRIPT_SANDBOXING = YES;
				GCC_C_LANGUAGE_STANDARD = gnu17;
				GCC_DYNAMIC_NO_PIC = NO;
				GCC_NO_COMMON_BLOCKS = YES;
				GCC_OPTIMIZATION_LEVEL = 0;
				GCC_PREPROCESSOR_DEFINITIONS = (
					"DEBUG=1",
					"$(inherited)",
				);
				GCC_WARN_64_TO_32_BIT_CONVERSION = YES;
				GCC_WARN_ABOUT_RETURN_TYPE = YES_ERROR;
				GCC_WARN_UNDECLARED_SELECTOR = YES;
				GCC_WARN_UNINITIALIZED_AUTOS = YES_AGGRESSIVE;
				GCC_WARN_UNUSED_FUNCTION = YES;
				GCC_WARN_UNUSED_VARIABLE = YES;
				IPHONEOS_DEPLOYMENT_TARGET = 17.0;
				LOCALIZATION_PREFERS_STRING_CATALOGS = YES;
				MTL_ENABLE_DEBUG_INFO = INCLUDE_SOURCE;
				MTL_FAST_MATH = YES;
				ONLY_ACTIVE_ARCH = YES;
				SDKROOT = iphoneos;
				SWIFT_ACTIVE_COMPILATION_CONDITIONS = "DEBUG $(inherited)";
				SWIFT_OPTIMIZATION_LEVEL = "-Onone";
			};
			name = Debug;
		};
		7E23D8A42CF9963600710336 /* Release */ = {
			isa = XCBuildConfiguration;
			buildSettings = {
				ALWAYS_SEARCH_USER_PATHS = NO;
				ASSETCATALOG_COMPILER_GENERATE_SWIFT_ASSET_SYMBOL_EXTENSIONS = YES;
				CLANG_ANALYZER_NONNULL = YES;
				CLANG_ANALYZER_NUMBER_OBJECT_CONVERSION = YES_AGGRESSIVE;
				CLANG_CXX_LANGUAGE_STANDARD = "gnu++20";
				CLANG_ENABLE_MODULES = YES;
				CLANG_ENABLE_OBJC_ARC = YES;
				CLANG_ENABLE_OBJC_WEAK = YES;
				CLANG_WARN_BLOCK_CAPTURE_AUTORELEASING = YES;
				CLANG_WARN_BOOL_CONVERSION = YES;
				CLANG_WARN_COMMA = YES;
				CLANG_WARN_CONSTANT_CONVERSION = YES;
				CLANG_WARN_DEPRECATED_OBJC_IMPLEMENTATIONS = YES;
				CLANG_WARN_DIRECT_OBJC_ISA_USAGE = YES_ERROR;
				CLANG_WARN_DOCUMENTATION_COMMENTS = YES;
				CLANG_WARN_EMPTY_BODY = YES;
				CLANG_WARN_ENUM_CONVERSION = YES;
				CLANG_WARN_INFINITE_RECURSION = YES;
				CLANG_WARN_INT_CONVERSION = YES;
				CLANG_WARN_NON_LITERAL_NULL_CONVERSION = YES;
				CLANG_WARN_OBJC_IMPLICIT_RETAIN_SELF = YES;
				CLANG_WARN_OBJC_LITERAL_CONVERSION = YES;
				CLANG_WARN_OBJC_ROOT_CLASS = YES_ERROR;
				CLANG_WARN_QUOTED_INCLUDE_IN_FRAMEWORK_HEADER = YES;
				CLANG_WARN_RANGE_LOOP_ANALYSIS = YES;
				CLANG_WARN_STRICT_PROTOTYPES = YES;
				CLANG_WARN_SUSPICIOUS_MOVE = YES;
				CLANG_WARN_UNGUARDED_AVAILABILITY = YES_AGGRESSIVE;
				CLANG_WARN_UNREACHABLE_CODE = YES;
				CLANG_WARN__DUPLICATE_METHOD_MATCH = YES;
				COPY_PHASE_STRIP = NO;
				DEBUG_INFORMATION_FORMAT = "dwarf-with-dsym";
				ENABLE_NS_ASSERTIONS = NO;
				ENABLE_STRICT_OBJC_MSGSEND = YES;
				ENABLE_USER_SCRIPT_SANDBOXING = YES;
				GCC_C_LANGUAGE_STANDARD = gnu17;
				GCC_NO_COMMON_BLOCKS = YES;
				GCC_WARN_64_TO_32_BIT_CONVERSION = YES;
				GCC_WARN_ABOUT_RETURN_TYPE = YES_ERROR;
				GCC_WARN_UNDECLARED_SELECTOR = YES;
				GCC_WARN_UNINITIALIZED_AUTOS = YES_AGGRESSIVE;
				GCC_WARN_UNUSED_FUNCTION = YES;
				GCC_WARN_UNUSED_VARIABLE = YES;
				IPHONEOS_DEPLOYMENT_TARGET = 17.0;
				LOCALIZATION_PREFERS_STRING_CATALOGS = YES;
				MTL_ENABLE_DEBUG_INFO = NO;
				MTL_FAST_MATH = YES;
				SDKROOT = iphoneos;
				SWIFT_COMPILATION_MODE = wholemodule;
				VALIDATE_PRODUCT = YES;
			};
			name = Release;
		};
		7E23D8A62CF9963600710336 /* Debug */ = {
			isa = XCBuildConfiguration;
			buildSettings = {
				ASSETCATALOG_COMPILER_APPICON_NAME = AppIcon;
				ASSETCATALOG_COMPILER_GLOBAL_ACCENT_COLOR_NAME = AccentColor;
				CODE_SIGN_STYLE = Automatic;
				CURRENT_PROJECT_VERSION = 1;
				DEVELOPMENT_TEAM = 3F8C4P2T95;
				GENERATE_INFOPLIST_FILE = YES;
				INFOPLIST_FILE = gramejia/Info.plist;
				INFOPLIST_KEY_UIApplicationSupportsIndirectInputEvents = YES;
				INFOPLIST_KEY_UILaunchStoryboardName = LaunchScreen;
				INFOPLIST_KEY_UIMainStoryboardFile = Main;
				INFOPLIST_KEY_UISupportedInterfaceOrientations_iPad = "UIInterfaceOrientationPortrait UIInterfaceOrientationPortraitUpsideDown UIInterfaceOrientationLandscapeLeft UIInterfaceOrientationLandscapeRight";
				INFOPLIST_KEY_UISupportedInterfaceOrientations_iPhone = "UIInterfaceOrientationPortrait UIInterfaceOrientationLandscapeLeft UIInterfaceOrientationLandscapeRight";
				IPHONEOS_DEPLOYMENT_TARGET = 17.0;
				LD_RUNPATH_SEARCH_PATHS = (
					"$(inherited)",
					"@executable_path/Frameworks",
				);
				MARKETING_VERSION = 1.0;
				PRODUCT_BUNDLE_IDENTIFIER = com.adamdev.gramejia;
				PRODUCT_NAME = "$(TARGET_NAME)";
				SWIFT_EMIT_LOC_STRINGS = YES;
				SWIFT_VERSION = 5.0;
				TARGETED_DEVICE_FAMILY = "1,2";
			};
			name = Debug;
		};
		7E23D8A72CF9963600710336 /* Release */ = {
			isa = XCBuildConfiguration;
			buildSettings = {
				ASSETCATALOG_COMPILER_APPICON_NAME = AppIcon;
				ASSETCATALOG_COMPILER_GLOBAL_ACCENT_COLOR_NAME = AccentColor;
				CODE_SIGN_STYLE = Automatic;
				CURRENT_PROJECT_VERSION = 1;
				DEVELOPMENT_TEAM = 3F8C4P2T95;
				GENERATE_INFOPLIST_FILE = YES;
				INFOPLIST_FILE = gramejia/Info.plist;
				INFOPLIST_KEY_UIApplicationSupportsIndirectInputEvents = YES;
				INFOPLIST_KEY_UILaunchStoryboardName = LaunchScreen;
				INFOPLIST_KEY_UIMainStoryboardFile = Main;
				INFOPLIST_KEY_UISupportedInterfaceOrientations_iPad = "UIInterfaceOrientationPortrait UIInterfaceOrientationPortraitUpsideDown UIInterfaceOrientationLandscapeLeft UIInterfaceOrientationLandscapeRight";
				INFOPLIST_KEY_UISupportedInterfaceOrientations_iPhone = "UIInterfaceOrientationPortrait UIInterfaceOrientationLandscapeLeft UIInterfaceOrientationLandscapeRight";
				IPHONEOS_DEPLOYMENT_TARGET = 17.0;
				LD_RUNPATH_SEARCH_PATHS = (
					"$(inherited)",
					"@executable_path/Frameworks",
				);
				MARKETING_VERSION = 1.0;
				PRODUCT_BUNDLE_IDENTIFIER = com.adamdev.gramejia;
				PRODUCT_NAME = "$(TARGET_NAME)";
				SWIFT_EMIT_LOC_STRINGS = YES;
				SWIFT_VERSION = 5.0;
				TARGETED_DEVICE_FAMILY = "1,2";
			};
			name = Release;
		};
/* End XCBuildConfiguration section */

/* Begin XCConfigurationList section */
		7E23D88C2CF9963500710336 /* Build configuration list for PBXProject "gramejia" */ = {
			isa = XCConfigurationList;
			buildConfigurations = (
				7E23D8A32CF9963600710336 /* Debug */,
				7E23D8A42CF9963600710336 /* Release */,
			);
			defaultConfigurationIsVisible = 0;
			defaultConfigurationName = Release;
		};
		7E23D8A52CF9963600710336 /* Build configuration list for PBXNativeTarget "gramejia" */ = {
			isa = XCConfigurationList;
			buildConfigurations = (
				7E23D8A62CF9963600710336 /* Debug */,
				7E23D8A72CF9963600710336 /* Release */,
			);
			defaultConfigurationIsVisible = 0;
			defaultConfigurationName = Release;
		};
/* End XCConfigurationList section */

/* Begin XCRemoteSwiftPackageReference section */
		7E7F8B2D2CFE006400B61544 /* XCRemoteSwiftPackageReference "lottie-spm" */ = {
			isa = XCRemoteSwiftPackageReference;
			repositoryURL = "https://github.com/airbnb/lottie-spm.git";
			requirement = {
				kind = upToNextMajorVersion;
				minimumVersion = 4.5.0;
			};
		};
/* End XCRemoteSwiftPackageReference section */

/* Begin XCSwiftPackageProductDependency section */
		7E7F8B2E2CFE006400B61544 /* Lottie */ = {
			isa = XCSwiftPackageProductDependency;
			package = 7E7F8B2D2CFE006400B61544 /* XCRemoteSwiftPackageReference "lottie-spm" */;
			productName = Lottie;
		};
/* End XCSwiftPackageProductDependency section */

/* Begin XCVersionGroup section */
		7E10D9242CF997BB00B11046 /* gramejia.xcdatamodeld */ = {
			isa = XCVersionGroup;
			children = (
				7E10D9252CF997BB00B11046 /* gramejia.xcdatamodel */,
			);
			currentVersion = 7E10D9252CF997BB00B11046 /* gramejia.xcdatamodel */;
			name = gramejia.xcdatamodeld;
			path = "/Users/rivaldofez/Projects/PaidProject/AppleProject/gramejia-project/gramejia/Entity/gramejia.xcdatamodeld";
			sourceTree = "<group>";
			versionGroupType = wrapper.xcdatamodel;
		};
/* End XCVersionGroup section */
	};
	rootObject = 7E23D8892CF9963500710336 /* Project object */;
}
